{
  "version": 1,
  "dependencies": {
    "net9.0": {
      "Microsoft.AspNetCore.Identity.EntityFrameworkCore": {
        "type": "Direct",
        "requested": "[9.0.1, )",
        "resolved": "9.0.1",
        "contentHash": "yZyj/m7nBsrx6JDIv5KSYH44lJsQ4K5RLEWaYRFQVoIRvGXQxMZ/TUCa7PKFtR/o6nz1fmy6bVciV/eN/NmjUw==",
        "dependencies": {
          "Microsoft.EntityFrameworkCore.Relational": "9.0.1",
          "Microsoft.Extensions.Identity.Stores": "9.0.1"
        }
      },
      "Microsoft.AspNetCore.Cryptography.Internal": {
        "type": "Transitive",
        "resolved": "9.0.1",
        "contentHash": "leaw8hC6wCKfAg2kAYT4plnaHI7o6bKB9IQy0yLWHmgV0GjE449pu0SEnnl7loEzdLgyQrKyVQvfz7wRErqmxQ=="
      },
      "Microsoft.AspNetCore.Cryptography.KeyDerivation": {
        "type": "Transitive",
        "resolved": "9.0.1",
        "contentHash": "/ibWvFYnxjCfOmtQtLTFUN9L70CrQH0daom6tE8/hlxTllUDeXM95fE45dC4u2tBOrfDqB6TPAkUzd/vWaAusA==",
        "dependencies": {
          "Microsoft.AspNetCore.Cryptography.Internal": "9.0.1"
        }
      },
      "Microsoft.EntityFrameworkCore": {
        "type": "Transitive",
        "resolved": "9.0.1",
        "contentHash": "E25w4XugXNykTr5Y/sLDGaQ4lf67n9aXVPvsdGsIZjtuLmbvb9AoYP8D50CDejY8Ro4D9GK2kNHz5lWHqSK+wg==",
        "dependencies": {
          "Microsoft.EntityFrameworkCore.Abstractions": "9.0.1",
          "Microsoft.EntityFrameworkCore.Analyzers": "9.0.1",
          "Microsoft.Extensions.Caching.Memory": "9.0.1",
          "Microsoft.Extensions.Logging": "9.0.1"
        }
      },
      "Microsoft.EntityFrameworkCore.Abstractions": {
        "type": "Transitive",
        "resolved": "9.0.1",
        "contentHash": "qy+taGVLUs82zeWfc32hgGL8Z02ZqAneYvqZiiXbxF4g4PBUcPRuxHM9K20USmpeJbn4/fz40GkCbyyCy5ojOA=="
      },
      "Microsoft.EntityFrameworkCore.Analyzers": {
        "type": "Transitive",
        "resolved": "9.0.1",
        "contentHash": "c6ZZJZhPKrXFkE2z/81PmuT69HBL6Y68Cl0xJ5SRrDjJyq5Aabkq15yCqPg9RQ3R0aFLVaJok2DA8R3TKpejDQ=="
      },
      "Microsoft.EntityFrameworkCore.Relational": {
        "type": "Transitive",
        "resolved": "9.0.1",
        "contentHash": "7Iu0h4oevRvH4IwPzmxuIJGYRt55TapoREGlluk75KCO7lenN0+QnzCl6cQDY48uDoxAUpJbpK2xW7o8Ix69dw==",
        "dependencies": {
          "Microsoft.EntityFrameworkCore": "9.0.1",
          "Microsoft.Extensions.Caching.Memory": "9.0.1",
          "Microsoft.Extensions.Configuration.Abstractions": "9.0.1",
          "Microsoft.Extensions.Logging": "9.0.1"
        }
      },
      "Microsoft.Extensions.Caching.Abstractions": {
        "type": "Transitive",
        "resolved": "9.0.1",
        "contentHash": "Eghsg9SyIvq0c8x6cUpe71BbQoOmsytXxqw2+ZNiTnP8a8SBLKgEor1zZeWhC0588IbS2M0PP4gXGAd9qF862Q==",
        "dependencies": {
          "Microsoft.Extensions.Primitives": "9.0.1"
        }
      },
      "Microsoft.Extensions.Caching.Memory": {
        "type": "Transitive",
        "resolved": "9.0.1",
        "contentHash": "JeC+PP0BCKMwwLezPGDaciJSTfcFG4KjsG8rX4XZ6RSvzdxofrFmcnmW2L4+cWUcZSBTQ+Dd7H5Gs9XZz/OlCA==",
        "dependencies": {
          "Microsoft.Extensions.Caching.Abstractions": "9.0.1",
          "Microsoft.Extensions.DependencyInjection.Abstractions": "9.0.1",
          "Microsoft.Extensions.Logging.Abstractions": "9.0.1",
          "Microsoft.Extensions.Options": "9.0.1",
          "Microsoft.Extensions.Primitives": "9.0.1"
        }
      },
      "Microsoft.Extensions.Configuration.Abstractions": {
        "type": "Transitive",
        "resolved": "9.0.1",
        "contentHash": "+4hfFIY1UjBCXFTTOd+ojlDPq6mep3h5Vq5SYE3Pjucr7dNXmq4S/6P/LoVnZFz2e/5gWp/om4svUFgznfULcA==",
        "dependencies": {
          "Microsoft.Extensions.Primitives": "9.0.1"
        }
      },
      "Microsoft.Extensions.DependencyInjection": {
        "type": "Transitive",
        "resolved": "9.0.1",
        "contentHash": "qZI42ASAe3hr2zMSA6UjM92pO1LeDq5DcwkgSowXXPY8I56M76pEKrnmsKKbxagAf39AJxkH2DY4sb72ixyOrg==",
        "dependencies": {
          "Microsoft.Extensions.DependencyInjection.Abstractions": "9.0.1"
        }
      },
      "Microsoft.Extensions.DependencyInjection.Abstractions": {
        "type": "Transitive",
        "resolved": "9.0.1",
        "contentHash": "Tr74eP0oQ3AyC24ch17N8PuEkrPbD0JqIfENCYqmgKYNOmL8wQKzLJu3ObxTUDrjnn4rHoR1qKa37/eQyHmCDA=="
      },
      "Microsoft.Extensions.Identity.Core": {
        "type": "Transitive",
        "resolved": "9.0.1",
        "contentHash": "dbvAQhwSyBbgB2BuVJ8PMVx7BK6WZHWhV/vsSnXl6sRLs9D7yXiIiRpgcPVvN5E/UkzRGW1EPXyc3t1EDxWSzg==",
        "dependencies": {
          "Microsoft.AspNetCore.Cryptography.KeyDerivation": "9.0.1",
          "Microsoft.Extensions.Logging": "9.0.1",
          "Microsoft.Extensions.Options": "9.0.1"
        }
      },
      "Microsoft.Extensions.Identity.Stores": {
        "type": "Transitive",
        "resolved": "9.0.1",
        "contentHash": "lBErjDqd7i2RGpDr040lGm/HbMvxG/1Ta1aSFh91vYtSwEY2rtMI9o7xIDWgNmBKu8ko+XBxt0WcQh6TNFVe7g==",
        "dependencies": {
          "Microsoft.Extensions.Caching.Abstractions": "9.0.1",
          "Microsoft.Extensions.Identity.Core": "9.0.1",
          "Microsoft.Extensions.Logging": "9.0.1"
        }
      },
      "Microsoft.Extensions.Logging": {
        "type": "Transitive",
        "resolved": "9.0.1",
        "contentHash": "E/k5r7S44DOW+08xQPnNbO8DKAQHhkspDboTThNJ6Z3/QBb4LC6gStNWzVmy3IvW7sUD+iJKf4fj0xEkqE7vnQ==",
        "dependencies": {
          "Microsoft.Extensions.DependencyInjection": "9.0.1",
          "Microsoft.Extensions.Logging.Abstractions": "9.0.1",
          "Microsoft.Extensions.Options": "9.0.1"
        }
      },
      "Microsoft.Extensions.Logging.Abstractions": {
        "type": "Transitive",
        "resolved": "9.0.1",
        "contentHash": "w2gUqXN/jNIuvqYwX3lbXagsizVNXYyt6LlF57+tMve4JYCEgCMMAjRce6uKcDASJgpMbErRT1PfHy2OhbkqEA==",
        "dependencies": {
          "Microsoft.Extensions.DependencyInjection.Abstractions": "9.0.1"
        }
      },
      "Microsoft.Extensions.Options": {
        "type": "Transitive",
        "resolved": "9.0.1",
        "contentHash": "nggoNKnWcsBIAaOWHA+53XZWrslC7aGeok+aR+epDPRy7HI7GwMnGZE8yEsL2Onw7kMOHVHwKcsDls1INkNUJQ==",
        "dependencies": {
          "Microsoft.Extensions.DependencyInjection.Abstractions": "9.0.1",
          "Microsoft.Extensions.Primitives": "9.0.1"
        }
      },
      "Microsoft.Extensions.Primitives": {
        "type": "Transitive",
        "resolved": "9.0.1",
        "contentHash": "bHtTesA4lrSGD1ZUaMIx6frU3wyy0vYtTa/hM6gGQu5QNrydObv8T5COiGUWsisflAfmsaFOe9Xvw5NSO99z0g=="
      }
    }
  }
}