Microsoft Visual Studio Solution File, Format Version 12.00
# Visual Studio Version 18
VisualStudioVersion = 18.0.11205.157 d18.0
MinimumVisualStudioVersion = 15.0.26124.0
Project("{2150E333-8FDC-42A3-9474-1A3956D46DE8}") = "Source", "Source", "{9763EA40-6A05-47E7-A7D9-EECDA9C1CD65}"
EndProject
Project("{2150E333-8FDC-42A3-9474-1A3956D46DE8}") = "Tests", "Tests", "{64D6DC3D-980F-4AE0-8C83-5D9746386E14}"
EndProject
Project("{9A19103F-16F7-4668-BE54-9A1E7A4F7556}") = "maERP.Client", "src\maERP.Client\maERP.Client.csproj", "{B3D9AC2D-7807-4AED-B827-6954BF48B2EE}"
EndProject
Project("{9A19103F-16F7-4668-BE54-9A1E7A4F7556}") = "maERP.Client.Tests", "tests\maERP.Client.Tests\maERP.Client.Tests.csproj", "{0EEF14D8-6B5E-41E0-A728-CB8A26375A4C}"
EndProject
Project("{2150E333-8FDC-42A3-9474-1A3956D46DE8}") = "Solution Items", "Solution Items", "{BADA71DC-7FFD-4EDC-9F28-FB74AEADC713}"
	ProjectSection(SolutionItems) = preProject
		.editorconfig = .editorconfig
		.gitignore = .gitignore
		.vsconfig = .vsconfig
		.github\workflows\ci.yml = .github\workflows\ci.yml
		CLAUDE.md = CLAUDE.md
		.github\workflows\codeql.yml = .github\workflows\codeql.yml
		CODE_OF_CONDUCT.md = CODE_OF_CONDUCT.md
		CONTRIBUTING.md = CONTRIBUTING.md
		create-migrations.ps1 = create-migrations.ps1
		create-migrations.sh = create-migrations.sh
		.github\workflows\defender-for-devops.yml = .github\workflows\defender-for-devops.yml
		Directory.Build.props = Directory.Build.props
		Directory.Build.targets = Directory.Build.targets
		Directory.Packages.props = Directory.Packages.props
		docker-compose.dcproj = docker-compose.dcproj
		docker-compose.mail.yml = docker-compose.mail.yml
		docker-compose.mssql.yml = docker-compose.mssql.yml
		docker-compose.mysql.yml = docker-compose.mysql.yml
		docker-compose.postgresql.yml = docker-compose.postgresql.yml
		docker-compose.yml = docker-compose.yml
		EMAIL-TESTING.md = EMAIL-TESTING.md
		global.json = global.json
		LICENSE.txt = LICENSE.txt
		.github\workflows\maerp-browser-maerp_de-deploy.yml = .github\workflows\maerp-browser-maerp_de-deploy.yml
		.github\workflows\maerp-browser-publish.yml = .github\workflows\maerp-browser-publish.yml
		.github\workflows\maerp-browser-test.yml = .github\workflows\maerp-browser-test.yml
		.github\workflows\maerp-desktop-release-win-store.yml = .github\workflows\maerp-desktop-release-win-store.yml
		.github\workflows\maerp-desktop-release.yml = .github\workflows\maerp-desktop-release.yml
		.github\workflows\maerp-server-publish.yml = .github\workflows\maerp-server-publish.yml
		.github\workflows\maerp-server-test.yml = .github\workflows\maerp-server-test.yml
		maERP.sln.DotSettings.user = maERP.sln.DotSettings.user
		README.md = README.md
		SECURITY.md = SECURITY.md
		NuGet.config = NuGet.config
	EndProjectSection
EndProject
Project("{FAE04EC0-301F-11D3-BF4B-00C04F79EFBC}") = "maERP.Analytics", "src\maERP.Analytics\maERP.Analytics.csproj", "{828D8D50-6862-449B-A546-CB4096618BFA}"
EndProject
Project("{FAE04EC0-301F-11D3-BF4B-00C04F79EFBC}") = "maERP.Application", "src\maERP.Application\maERP.Application.csproj", "{A164B39B-E0BC-4FE6-8707-DD2BCA9892F9}"
EndProject
Project("{FAE04EC0-301F-11D3-BF4B-00C04F79EFBC}") = "maERP.Domain", "src\maERP.Domain\maERP.Domain.csproj", "{CAC4E59B-57C3-4A47-BAB2-802BAFF3690D}"
EndProject
Project("{FAE04EC0-301F-11D3-BF4B-00C04F79EFBC}") = "maERP.Identity", "src\maERP.Identity\maERP.Identity.csproj", "{7C8024DF-0302-455E-8DC1-D138A7D06426}"
EndProject
Project("{FAE04EC0-301F-11D3-BF4B-00C04F79EFBC}") = "maERP.Infrastructure", "src\maERP.Infrastructure\maERP.Infrastructure.csproj", "{777A4ABC-B4E7-4316-BC41-2DB18F08CC01}"
EndProject
Project("{FAE04EC0-301F-11D3-BF4B-00C04F79EFBC}") = "maERP.Persistence", "src\maERP.Persistence\maERP.Persistence.csproj", "{B4499D27-1E17-4FC3-9159-BF07AF346855}"
EndProject
Project("{FAE04EC0-301F-11D3-BF4B-00C04F79EFBC}") = "maERP.Persistence.MSSQL", "src\maERP.Persistence.MSSQL\maERP.Persistence.MSSQL.csproj", "{E0E94823-989B-4EED-9A23-B24A64C1D328}"
EndProject
Project("{FAE04EC0-301F-11D3-BF4B-00C04F79EFBC}") = "maERP.Persistence.MySQL", "src\maERP.Persistence.MySQL\maERP.Persistence.MySQL.csproj", "{1A2CA0FB-16B4-4C31-983C-C45DD3FB2DF4}"
EndProject
Project("{FAE04EC0-301F-11D3-BF4B-00C04F79EFBC}") = "maERP.Persistence.PostgreSQL", "src\maERP.Persistence.PostgreSQL\maERP.Persistence.PostgreSQL.csproj", "{8552BC80-7681-4F52-9707-E5537F6C46E7}"
EndProject
Project("{FAE04EC0-301F-11D3-BF4B-00C04F79EFBC}") = "maERP.Persistence.SQLite", "src\maERP.Persistence.SQLite\maERP.Persistence.SQLite.csproj", "{A686AA48-40E2-42C7-8AFE-60DFD5F94D99}"
EndProject
Project("{FAE04EC0-301F-11D3-BF4B-00C04F79EFBC}") = "maERP.SalesChannels", "src\maERP.SalesChannels\maERP.SalesChannels.csproj", "{AA59FD23-EEF6-4FD5-BF29-7E7979673486}"
EndProject
Project("{FAE04EC0-301F-11D3-BF4B-00C04F79EFBC}") = "maERP.Server", "src\maERP.Server\maERP.Server.csproj", "{3D98C040-D339-4414-80AD-114933CA2D55}"
EndProject
Project("{FAE04EC0-301F-11D3-BF4B-00C04F79EFBC}") = "maERP.Server.Tests", "tests\maERP.Server.Tests\maERP.Server.Tests.csproj", "{1F4F2AAD-8478-4A3D-A0CA-ED81F6F724AF}"
EndProject
Project("{FAE04EC0-301F-11D3-BF4B-00C04F79EFBC}") = "maERP.Persistence.Tests", "tests\maERP.Persistence.Tests\maERP.Persistence.Tests.csproj", "{0BDDCC43-485A-45B6-8E8A-E1E3115F0B45}"
EndProject
Project("{2150E333-8FDC-42A3-9474-1A3956D46DE8}") = "Core", "Core", "{5E6F08F8-FEB9-4598-A61A-B4AFFE96126B}"
EndProject
Project("{2150E333-8FDC-42A3-9474-1A3956D46DE8}") = "Infrastructure", "Infrastructure", "{A6B87991-F62D-4961-8B89-C879DD6CFA4B}"
EndProject
Global
	GlobalSection(SolutionConfigurationPlatforms) = preSolution
		Debug|Any CPU = Debug|Any CPU
		Debug|ARM = Debug|ARM
		Debug|ARM64 = Debug|ARM64
		Debug|iPhone = Debug|iPhone
		Debug|iPhoneSimulator = Debug|iPhoneSimulator
		Debug|x64 = Debug|x64
		Debug|x86 = Debug|x86
		Release|Any CPU = Release|Any CPU
		Release|ARM = Release|ARM
		Release|ARM64 = Release|ARM64
		Release|iPhone = Release|iPhone
		Release|iPhoneSimulator = Release|iPhoneSimulator
		Release|x64 = Release|x64
		Release|x86 = Release|x86
	EndGlobalSection
	GlobalSection(ProjectConfigurationPlatforms) = postSolution
		{B3D9AC2D-7807-4AED-B827-6954BF48B2EE}.Debug|Any CPU.ActiveCfg = Debug|Any CPU
		{B3D9AC2D-7807-4AED-B827-6954BF48B2EE}.Debug|Any CPU.Build.0 = Debug|Any CPU
		{B3D9AC2D-7807-4AED-B827-6954BF48B2EE}.Debug|Any CPU.Deploy.0 = Debug|Any CPU
		{B3D9AC2D-7807-4AED-B827-6954BF48B2EE}.Debug|ARM.ActiveCfg = Debug|Any CPU
		{B3D9AC2D-7807-4AED-B827-6954BF48B2EE}.Debug|ARM.Build.0 = Debug|Any CPU
		{B3D9AC2D-7807-4AED-B827-6954BF48B2EE}.Debug|ARM.Deploy.0 = Debug|Any CPU
		{B3D9AC2D-7807-4AED-B827-6954BF48B2EE}.Debug|ARM64.ActiveCfg = Debug|Any CPU
		{B3D9AC2D-7807-4AED-B827-6954BF48B2EE}.Debug|ARM64.Build.0 = Debug|Any CPU
		{B3D9AC2D-7807-4AED-B827-6954BF48B2EE}.Debug|ARM64.Deploy.0 = Debug|Any CPU
		{B3D9AC2D-7807-4AED-B827-6954BF48B2EE}.Debug|iPhone.ActiveCfg = Debug|Any CPU
		{B3D9AC2D-7807-4AED-B827-6954BF48B2EE}.Debug|iPhone.Build.0 = Debug|Any CPU
		{B3D9AC2D-7807-4AED-B827-6954BF48B2EE}.Debug|iPhone.Deploy.0 = Debug|Any CPU
		{B3D9AC2D-7807-4AED-B827-6954BF48B2EE}.Debug|iPhoneSimulator.ActiveCfg = Debug|Any CPU
		{B3D9AC2D-7807-4AED-B827-6954BF48B2EE}.Debug|iPhoneSimulator.Build.0 = Debug|Any CPU
		{B3D9AC2D-7807-4AED-B827-6954BF48B2EE}.Debug|iPhoneSimulator.Deploy.0 = Debug|Any CPU
		{B3D9AC2D-7807-4AED-B827-6954BF48B2EE}.Debug|x64.ActiveCfg = Debug|Any CPU
		{B3D9AC2D-7807-4AED-B827-6954BF48B2EE}.Debug|x64.Build.0 = Debug|Any CPU
		{B3D9AC2D-7807-4AED-B827-6954BF48B2EE}.Debug|x64.Deploy.0 = Debug|Any CPU
		{B3D9AC2D-7807-4AED-B827-6954BF48B2EE}.Debug|x86.ActiveCfg = Debug|Any CPU
		{B3D9AC2D-7807-4AED-B827-6954BF48B2EE}.Debug|x86.Build.0 = Debug|Any CPU
		{B3D9AC2D-7807-4AED-B827-6954BF48B2EE}.Debug|x86.Deploy.0 = Debug|Any CPU
		{B3D9AC2D-7807-4AED-B827-6954BF48B2EE}.Release|Any CPU.ActiveCfg = Release|Any CPU
		{B3D9AC2D-7807-4AED-B827-6954BF48B2EE}.Release|Any CPU.Build.0 = Release|Any CPU
		{B3D9AC2D-7807-4AED-B827-6954BF48B2EE}.Release|Any CPU.Deploy.0 = Release|Any CPU
		{B3D9AC2D-7807-4AED-B827-6954BF48B2EE}.Release|ARM.ActiveCfg = Release|Any CPU
		{B3D9AC2D-7807-4AED-B827-6954BF48B2EE}.Release|ARM.Build.0 = Release|Any CPU
		{B3D9AC2D-7807-4AED-B827-6954BF48B2EE}.Release|ARM.Deploy.0 = Release|Any CPU
		{B3D9AC2D-7807-4AED-B827-6954BF48B2EE}.Release|ARM64.ActiveCfg = Release|Any CPU
		{B3D9AC2D-7807-4AED-B827-6954BF48B2EE}.Release|ARM64.Build.0 = Release|Any CPU
		{B3D9AC2D-7807-4AED-B827-6954BF48B2EE}.Release|ARM64.Deploy.0 = Release|Any CPU
		{B3D9AC2D-7807-4AED-B827-6954BF48B2EE}.Release|iPhone.ActiveCfg = Release|Any CPU
		{B3D9AC2D-7807-4AED-B827-6954BF48B2EE}.Release|iPhone.Build.0 = Release|Any CPU
		{B3D9AC2D-7807-4AED-B827-6954BF48B2EE}.Release|iPhone.Deploy.0 = Release|Any CPU
		{B3D9AC2D-7807-4AED-B827-6954BF48B2EE}.Release|iPhoneSimulator.ActiveCfg = Release|Any CPU
		{B3D9AC2D-7807-4AED-B827-6954BF48B2EE}.Release|iPhoneSimulator.Build.0 = Release|Any CPU
		{B3D9AC2D-7807-4AED-B827-6954BF48B2EE}.Release|iPhoneSimulator.Deploy.0 = Release|Any CPU
		{B3D9AC2D-7807-4AED-B827-6954BF48B2EE}.Release|x64.ActiveCfg = Release|Any CPU
		{B3D9AC2D-7807-4AED-B827-6954BF48B2EE}.Release|x64.Build.0 = Release|Any CPU
		{B3D9AC2D-7807-4AED-B827-6954BF48B2EE}.Release|x64.Deploy.0 = Release|Any CPU
		{B3D9AC2D-7807-4AED-B827-6954BF48B2EE}.Release|x86.ActiveCfg = Release|Any CPU
		{B3D9AC2D-7807-4AED-B827-6954BF48B2EE}.Release|x86.Build.0 = Release|Any CPU
		{B3D9AC2D-7807-4AED-B827-6954BF48B2EE}.Release|x86.Deploy.0 = Release|Any CPU
		{0EEF14D8-6B5E-41E0-A728-CB8A26375A4C}.Debug|Any CPU.ActiveCfg = Debug|Any CPU
		{0EEF14D8-6B5E-41E0-A728-CB8A26375A4C}.Debug|Any CPU.Build.0 = Debug|Any CPU
		{0EEF14D8-6B5E-41E0-A728-CB8A26375A4C}.Debug|ARM.ActiveCfg = Debug|Any CPU
		{0EEF14D8-6B5E-41E0-A728-CB8A26375A4C}.Debug|ARM.Build.0 = Debug|Any CPU
		{0EEF14D8-6B5E-41E0-A728-CB8A26375A4C}.Debug|ARM64.ActiveCfg = Debug|Any CPU
		{0EEF14D8-6B5E-41E0-A728-CB8A26375A4C}.Debug|ARM64.Build.0 = Debug|Any CPU
		{0EEF14D8-6B5E-41E0-A728-CB8A26375A4C}.Debug|iPhone.ActiveCfg = Debug|Any CPU
		{0EEF14D8-6B5E-41E0-A728-CB8A26375A4C}.Debug|iPhone.Build.0 = Debug|Any CPU
		{0EEF14D8-6B5E-41E0-A728-CB8A26375A4C}.Debug|iPhoneSimulator.ActiveCfg = Debug|Any CPU
		{0EEF14D8-6B5E-41E0-A728-CB8A26375A4C}.Debug|iPhoneSimulator.Build.0 = Debug|Any CPU
		{0EEF14D8-6B5E-41E0-A728-CB8A26375A4C}.Debug|x64.ActiveCfg = Debug|Any CPU
		{0EEF14D8-6B5E-41E0-A728-CB8A26375A4C}.Debug|x64.Build.0 = Debug|Any CPU
		{0EEF14D8-6B5E-41E0-A728-CB8A26375A4C}.Debug|x86.ActiveCfg = Debug|Any CPU
		{0EEF14D8-6B5E-41E0-A728-CB8A26375A4C}.Debug|x86.Build.0 = Debug|Any CPU
		{0EEF14D8-6B5E-41E0-A728-CB8A26375A4C}.Release|Any CPU.ActiveCfg = Release|Any CPU
		{0EEF14D8-6B5E-41E0-A728-CB8A26375A4C}.Release|Any CPU.Build.0 = Release|Any CPU
		{0EEF14D8-6B5E-41E0-A728-CB8A26375A4C}.Release|ARM.ActiveCfg = Release|Any CPU
		{0EEF14D8-6B5E-41E0-A728-CB8A26375A4C}.Release|ARM.Build.0 = Release|Any CPU
		{0EEF14D8-6B5E-41E0-A728-CB8A26375A4C}.Release|ARM64.ActiveCfg = Release|Any CPU
		{0EEF14D8-6B5E-41E0-A728-CB8A26375A4C}.Release|ARM64.Build.0 = Release|Any CPU
		{0EEF14D8-6B5E-41E0-A728-CB8A26375A4C}.Release|iPhone.ActiveCfg = Release|Any CPU
		{0EEF14D8-6B5E-41E0-A728-CB8A26375A4C}.Release|iPhone.Build.0 = Release|Any CPU
		{0EEF14D8-6B5E-41E0-A728-CB8A26375A4C}.Release|iPhoneSimulator.ActiveCfg = Release|Any CPU
		{0EEF14D8-6B5E-41E0-A728-CB8A26375A4C}.Release|iPhoneSimulator.Build.0 = Release|Any CPU
		{0EEF14D8-6B5E-41E0-A728-CB8A26375A4C}.Release|x64.ActiveCfg = Release|Any CPU
		{0EEF14D8-6B5E-41E0-A728-CB8A26375A4C}.Release|x64.Build.0 = Release|Any CPU
		{0EEF14D8-6B5E-41E0-A728-CB8A26375A4C}.Release|x86.ActiveCfg = Release|Any CPU
		{0EEF14D8-6B5E-41E0-A728-CB8A26375A4C}.Release|x86.Build.0 = Release|Any CPU
		{828D8D50-6862-449B-A546-CB4096618BFA}.Debug|Any CPU.ActiveCfg = Debug|Any CPU
		{828D8D50-6862-449B-A546-CB4096618BFA}.Debug|Any CPU.Build.0 = Debug|Any CPU
		{828D8D50-6862-449B-A546-CB4096618BFA}.Debug|ARM.ActiveCfg = Debug|Any CPU
		{828D8D50-6862-449B-A546-CB4096618BFA}.Debug|ARM.Build.0 = Debug|Any CPU
		{828D8D50-6862-449B-A546-CB4096618BFA}.Debug|ARM64.ActiveCfg = Debug|Any CPU
		{828D8D50-6862-449B-A546-CB4096618BFA}.Debug|ARM64.Build.0 = Debug|Any CPU
		{828D8D50-6862-449B-A546-CB4096618BFA}.Debug|iPhone.ActiveCfg = Debug|Any CPU
		{828D8D50-6862-449B-A546-CB4096618BFA}.Debug|iPhone.Build.0 = Debug|Any CPU
		{828D8D50-6862-449B-A546-CB4096618BFA}.Debug|iPhoneSimulator.ActiveCfg = Debug|Any CPU
		{828D8D50-6862-449B-A546-CB4096618BFA}.Debug|iPhoneSimulator.Build.0 = Debug|Any CPU
		{828D8D50-6862-449B-A546-CB4096618BFA}.Debug|x64.ActiveCfg = Debug|Any CPU
		{828D8D50-6862-449B-A546-CB4096618BFA}.Debug|x64.Build.0 = Debug|Any CPU
		{828D8D50-6862-449B-A546-CB4096618BFA}.Debug|x86.ActiveCfg = Debug|Any CPU
		{828D8D50-6862-449B-A546-CB4096618BFA}.Debug|x86.Build.0 = Debug|Any CPU
		{828D8D50-6862-449B-A546-CB4096618BFA}.Release|Any CPU.ActiveCfg = Release|Any CPU
		{828D8D50-6862-449B-A546-CB4096618BFA}.Release|Any CPU.Build.0 = Release|Any CPU
		{828D8D50-6862-449B-A546-CB4096618BFA}.Release|ARM.ActiveCfg = Release|Any CPU
		{828D8D50-6862-449B-A546-CB4096618BFA}.Release|ARM.Build.0 = Release|Any CPU
		{828D8D50-6862-449B-A546-CB4096618BFA}.Release|ARM64.ActiveCfg = Release|Any CPU
		{828D8D50-6862-449B-A546-CB4096618BFA}.Release|ARM64.Build.0 = Release|Any CPU
		{828D8D50-6862-449B-A546-CB4096618BFA}.Release|iPhone.ActiveCfg = Release|Any CPU
		{828D8D50-6862-449B-A546-CB4096618BFA}.Release|iPhone.Build.0 = Release|Any CPU
		{828D8D50-6862-449B-A546-CB4096618BFA}.Release|iPhoneSimulator.ActiveCfg = Release|Any CPU
		{828D8D50-6862-449B-A546-CB4096618BFA}.Release|iPhoneSimulator.Build.0 = Release|Any CPU
		{828D8D50-6862-449B-A546-CB4096618BFA}.Release|x64.ActiveCfg = Release|Any CPU
		{828D8D50-6862-449B-A546-CB4096618BFA}.Release|x64.Build.0 = Release|Any CPU
		{828D8D50-6862-449B-A546-CB4096618BFA}.Release|x86.ActiveCfg = Release|Any CPU
		{828D8D50-6862-449B-A546-CB4096618BFA}.Release|x86.Build.0 = Release|Any CPU
		{A164B39B-E0BC-4FE6-8707-DD2BCA9892F9}.Debug|Any CPU.ActiveCfg = Debug|Any CPU
		{A164B39B-E0BC-4FE6-8707-DD2BCA9892F9}.Debug|Any CPU.Build.0 = Debug|Any CPU
		{A164B39B-E0BC-4FE6-8707-DD2BCA9892F9}.Debug|ARM.ActiveCfg = Debug|Any CPU
		{A164B39B-E0BC-4FE6-8707-DD2BCA9892F9}.Debug|ARM.Build.0 = Debug|Any CPU
		{A164B39B-E0BC-4FE6-8707-DD2BCA9892F9}.Debug|ARM64.ActiveCfg = Debug|Any CPU
		{A164B39B-E0BC-4FE6-8707-DD2BCA9892F9}.Debug|ARM64.Build.0 = Debug|Any CPU
		{A164B39B-E0BC-4FE6-8707-DD2BCA9892F9}.Debug|iPhone.ActiveCfg = Debug|Any CPU
		{A164B39B-E0BC-4FE6-8707-DD2BCA9892F9}.Debug|iPhone.Build.0 = Debug|Any CPU
		{A164B39B-E0BC-4FE6-8707-DD2BCA9892F9}.Debug|iPhoneSimulator.ActiveCfg = Debug|Any CPU
		{A164B39B-E0BC-4FE6-8707-DD2BCA9892F9}.Debug|iPhoneSimulator.Build.0 = Debug|Any CPU
		{A164B39B-E0BC-4FE6-8707-DD2BCA9892F9}.Debug|x64.ActiveCfg = Debug|Any CPU
		{A164B39B-E0BC-4FE6-8707-DD2BCA9892F9}.Debug|x64.Build.0 = Debug|Any CPU
		{A164B39B-E0BC-4FE6-8707-DD2BCA9892F9}.Debug|x86.ActiveCfg = Debug|Any CPU
		{A164B39B-E0BC-4FE6-8707-DD2BCA9892F9}.Debug|x86.Build.0 = Debug|Any CPU
		{A164B39B-E0BC-4FE6-8707-DD2BCA9892F9}.Release|Any CPU.ActiveCfg = Release|Any CPU
		{A164B39B-E0BC-4FE6-8707-DD2BCA9892F9}.Release|Any CPU.Build.0 = Release|Any CPU
		{A164B39B-E0BC-4FE6-8707-DD2BCA9892F9}.Release|ARM.ActiveCfg = Release|Any CPU
		{A164B39B-E0BC-4FE6-8707-DD2BCA9892F9}.Release|ARM.Build.0 = Release|Any CPU
		{A164B39B-E0BC-4FE6-8707-DD2BCA9892F9}.Release|ARM64.ActiveCfg = Release|Any CPU
		{A164B39B-E0BC-4FE6-8707-DD2BCA9892F9}.Release|ARM64.Build.0 = Release|Any CPU
		{A164B39B-E0BC-4FE6-8707-DD2BCA9892F9}.Release|iPhone.ActiveCfg = Release|Any CPU
		{A164B39B-E0BC-4FE6-8707-DD2BCA9892F9}.Release|iPhone.Build.0 = Release|Any CPU
		{A164B39B-E0BC-4FE6-8707-DD2BCA9892F9}.Release|iPhoneSimulator.ActiveCfg = Release|Any CPU
		{A164B39B-E0BC-4FE6-8707-DD2BCA9892F9}.Release|iPhoneSimulator.Build.0 = Release|Any CPU
		{A164B39B-E0BC-4FE6-8707-DD2BCA9892F9}.Release|x64.ActiveCfg = Release|Any CPU
		{A164B39B-E0BC-4FE6-8707-DD2BCA9892F9}.Release|x64.Build.0 = Release|Any CPU
		{A164B39B-E0BC-4FE6-8707-DD2BCA9892F9}.Release|x86.ActiveCfg = Release|Any CPU
		{A164B39B-E0BC-4FE6-8707-DD2BCA9892F9}.Release|x86.Build.0 = Release|Any CPU
		{CAC4E59B-57C3-4A47-BAB2-802BAFF3690D}.Debug|Any CPU.ActiveCfg = Debug|Any CPU
		{CAC4E59B-57C3-4A47-BAB2-802BAFF3690D}.Debug|Any CPU.Build.0 = Debug|Any CPU
		{CAC4E59B-57C3-4A47-BAB2-802BAFF3690D}.Debug|ARM.ActiveCfg = Debug|Any CPU
		{CAC4E59B-57C3-4A47-BAB2-802BAFF3690D}.Debug|ARM.Build.0 = Debug|Any CPU
		{CAC4E59B-57C3-4A47-BAB2-802BAFF3690D}.Debug|ARM64.ActiveCfg = Debug|Any CPU
		{CAC4E59B-57C3-4A47-BAB2-802BAFF3690D}.Debug|ARM64.Build.0 = Debug|Any CPU
		{CAC4E59B-57C3-4A47-BAB2-802BAFF3690D}.Debug|iPhone.ActiveCfg = Debug|Any CPU
		{CAC4E59B-57C3-4A47-BAB2-802BAFF3690D}.Debug|iPhone.Build.0 = Debug|Any CPU
		{CAC4E59B-57C3-4A47-BAB2-802BAFF3690D}.Debug|iPhoneSimulator.ActiveCfg = Debug|Any CPU
		{CAC4E59B-57C3-4A47-BAB2-802BAFF3690D}.Debug|iPhoneSimulator.Build.0 = Debug|Any CPU
		{CAC4E59B-57C3-4A47-BAB2-802BAFF3690D}.Debug|x64.ActiveCfg = Debug|Any CPU
		{CAC4E59B-57C3-4A47-BAB2-802BAFF3690D}.Debug|x64.Build.0 = Debug|Any CPU
		{CAC4E59B-57C3-4A47-BAB2-802BAFF3690D}.Debug|x86.ActiveCfg = Debug|Any CPU
		{CAC4E59B-57C3-4A47-BAB2-802BAFF3690D}.Debug|x86.Build.0 = Debug|Any CPU
		{CAC4E59B-57C3-4A47-BAB2-802BAFF3690D}.Release|Any CPU.ActiveCfg = Release|Any CPU
		{CAC4E59B-57C3-4A47-BAB2-802BAFF3690D}.Release|Any CPU.Build.0 = Release|Any CPU
		{CAC4E59B-57C3-4A47-BAB2-802BAFF3690D}.Release|ARM.ActiveCfg = Release|Any CPU
		{CAC4E59B-57C3-4A47-BAB2-802BAFF3690D}.Release|ARM.Build.0 = Release|Any CPU
		{CAC4E59B-57C3-4A47-BAB2-802BAFF3690D}.Release|ARM64.ActiveCfg = Release|Any CPU
		{CAC4E59B-57C3-4A47-BAB2-802BAFF3690D}.Release|ARM64.Build.0 = Release|Any CPU
		{CAC4E59B-57C3-4A47-BAB2-802BAFF3690D}.Release|iPhone.ActiveCfg = Release|Any CPU
		{CAC4E59B-57C3-4A47-BAB2-802BAFF3690D}.Release|iPhone.Build.0 = Release|Any CPU
		{CAC4E59B-57C3-4A47-BAB2-802BAFF3690D}.Release|iPhoneSimulator.ActiveCfg = Release|Any CPU
		{CAC4E59B-57C3-4A47-BAB2-802BAFF3690D}.Release|iPhoneSimulator.Build.0 = Release|Any CPU
		{CAC4E59B-57C3-4A47-BAB2-802BAFF3690D}.Release|x64.ActiveCfg = Release|Any CPU
		{CAC4E59B-57C3-4A47-BAB2-802BAFF3690D}.Release|x64.Build.0 = Release|Any CPU
		{CAC4E59B-57C3-4A47-BAB2-802BAFF3690D}.Release|x86.ActiveCfg = Release|Any CPU
		{CAC4E59B-57C3-4A47-BAB2-802BAFF3690D}.Release|x86.Build.0 = Release|Any CPU
		{7C8024DF-0302-455E-8DC1-D138A7D06426}.Debug|Any CPU.ActiveCfg = Debug|Any CPU
		{7C8024DF-0302-455E-8DC1-D138A7D06426}.Debug|Any CPU.Build.0 = Debug|Any CPU
		{7C8024DF-0302-455E-8DC1-D138A7D06426}.Debug|ARM.ActiveCfg = Debug|Any CPU
		{7C8024DF-0302-455E-8DC1-D138A7D06426}.Debug|ARM.Build.0 = Debug|Any CPU
		{7C8024DF-0302-455E-8DC1-D138A7D06426}.Debug|ARM64.ActiveCfg = Debug|Any CPU
		{7C8024DF-0302-455E-8DC1-D138A7D06426}.Debug|ARM64.Build.0 = Debug|Any CPU
		{7C8024DF-0302-455E-8DC1-D138A7D06426}.Debug|iPhone.ActiveCfg = Debug|Any CPU
		{7C8024DF-0302-455E-8DC1-D138A7D06426}.Debug|iPhone.Build.0 = Debug|Any CPU
		{7C8024DF-0302-455E-8DC1-D138A7D06426}.Debug|iPhoneSimulator.ActiveCfg = Debug|Any CPU
		{7C8024DF-0302-455E-8DC1-D138A7D06426}.Debug|iPhoneSimulator.Build.0 = Debug|Any CPU
		{7C8024DF-0302-455E-8DC1-D138A7D06426}.Debug|x64.ActiveCfg = Debug|Any CPU
		{7C8024DF-0302-455E-8DC1-D138A7D06426}.Debug|x64.Build.0 = Debug|Any CPU
		{7C8024DF-0302-455E-8DC1-D138A7D06426}.Debug|x86.ActiveCfg = Debug|Any CPU
		{7C8024DF-0302-455E-8DC1-D138A7D06426}.Debug|x86.Build.0 = Debug|Any CPU
		{7C8024DF-0302-455E-8DC1-D138A7D06426}.Release|Any CPU.ActiveCfg = Release|Any CPU
		{7C8024DF-0302-455E-8DC1-D138A7D06426}.Release|Any CPU.Build.0 = Release|Any CPU
		{7C8024DF-0302-455E-8DC1-D138A7D06426}.Release|ARM.ActiveCfg = Release|Any CPU
		{7C8024DF-0302-455E-8DC1-D138A7D06426}.Release|ARM.Build.0 = Release|Any CPU
		{7C8024DF-0302-455E-8DC1-D138A7D06426}.Release|ARM64.ActiveCfg = Release|Any CPU
		{7C8024DF-0302-455E-8DC1-D138A7D06426}.Release|ARM64.Build.0 = Release|Any CPU
		{7C8024DF-0302-455E-8DC1-D138A7D06426}.Release|iPhone.ActiveCfg = Release|Any CPU
		{7C8024DF-0302-455E-8DC1-D138A7D06426}.Release|iPhone.Build.0 = Release|Any CPU
		{7C8024DF-0302-455E-8DC1-D138A7D06426}.Release|iPhoneSimulator.ActiveCfg = Release|Any CPU
		{7C8024DF-0302-455E-8DC1-D138A7D06426}.Release|iPhoneSimulator.Build.0 = Release|Any CPU
		{7C8024DF-0302-455E-8DC1-D138A7D06426}.Release|x64.ActiveCfg = Release|Any CPU
		{7C8024DF-0302-455E-8DC1-D138A7D06426}.Release|x64.Build.0 = Release|Any CPU
		{7C8024DF-0302-455E-8DC1-D138A7D06426}.Release|x86.ActiveCfg = Release|Any CPU
		{7C8024DF-0302-455E-8DC1-D138A7D06426}.Release|x86.Build.0 = Release|Any CPU
		{777A4ABC-B4E7-4316-BC41-2DB18F08CC01}.Debug|Any CPU.ActiveCfg = Debug|Any CPU
		{777A4ABC-B4E7-4316-BC41-2DB18F08CC01}.Debug|Any CPU.Build.0 = Debug|Any CPU
		{777A4ABC-B4E7-4316-BC41-2DB18F08CC01}.Debug|ARM.ActiveCfg = Debug|Any CPU
		{777A4ABC-B4E7-4316-BC41-2DB18F08CC01}.Debug|ARM.Build.0 = Debug|Any CPU
		{777A4ABC-B4E7-4316-BC41-2DB18F08CC01}.Debug|ARM64.ActiveCfg = Debug|Any CPU
		{777A4ABC-B4E7-4316-BC41-2DB18F08CC01}.Debug|ARM64.Build.0 = Debug|Any CPU
		{777A4ABC-B4E7-4316-BC41-2DB18F08CC01}.Debug|iPhone.ActiveCfg = Debug|Any CPU
		{777A4ABC-B4E7-4316-BC41-2DB18F08CC01}.Debug|iPhone.Build.0 = Debug|Any CPU
		{777A4ABC-B4E7-4316-BC41-2DB18F08CC01}.Debug|iPhoneSimulator.ActiveCfg = Debug|Any CPU
		{777A4ABC-B4E7-4316-BC41-2DB18F08CC01}.Debug|iPhoneSimulator.Build.0 = Debug|Any CPU
		{777A4ABC-B4E7-4316-BC41-2DB18F08CC01}.Debug|x64.ActiveCfg = Debug|Any CPU
		{777A4ABC-B4E7-4316-BC41-2DB18F08CC01}.Debug|x64.Build.0 = Debug|Any CPU
		{777A4ABC-B4E7-4316-BC41-2DB18F08CC01}.Debug|x86.ActiveCfg = Debug|Any CPU
		{777A4ABC-B4E7-4316-BC41-2DB18F08CC01}.Debug|x86.Build.0 = Debug|Any CPU
		{777A4ABC-B4E7-4316-BC41-2DB18F08CC01}.Release|Any CPU.ActiveCfg = Release|Any CPU
		{777A4ABC-B4E7-4316-BC41-2DB18F08CC01}.Release|Any CPU.Build.0 = Release|Any CPU
		{777A4ABC-B4E7-4316-BC41-2DB18F08CC01}.Release|ARM.ActiveCfg = Release|Any CPU
		{777A4ABC-B4E7-4316-BC41-2DB18F08CC01}.Release|ARM.Build.0 = Release|Any CPU
		{777A4ABC-B4E7-4316-BC41-2DB18F08CC01}.Release|ARM64.ActiveCfg = Release|Any CPU
		{777A4ABC-B4E7-4316-BC41-2DB18F08CC01}.Release|ARM64.Build.0 = Release|Any CPU
		{777A4ABC-B4E7-4316-BC41-2DB18F08CC01}.Release|iPhone.ActiveCfg = Release|Any CPU
		{777A4ABC-B4E7-4316-BC41-2DB18F08CC01}.Release|iPhone.Build.0 = Release|Any CPU
		{777A4ABC-B4E7-4316-BC41-2DB18F08CC01}.Release|iPhoneSimulator.ActiveCfg = Release|Any CPU
		{777A4ABC-B4E7-4316-BC41-2DB18F08CC01}.Release|iPhoneSimulator.Build.0 = Release|Any CPU
		{777A4ABC-B4E7-4316-BC41-2DB18F08CC01}.Release|x64.ActiveCfg = Release|Any CPU
		{777A4ABC-B4E7-4316-BC41-2DB18F08CC01}.Release|x64.Build.0 = Release|Any CPU
		{777A4ABC-B4E7-4316-BC41-2DB18F08CC01}.Release|x86.ActiveCfg = Release|Any CPU
		{777A4ABC-B4E7-4316-BC41-2DB18F08CC01}.Release|x86.Build.0 = Release|Any CPU
		{B4499D27-1E17-4FC3-9159-BF07AF346855}.Debug|Any CPU.ActiveCfg = Debug|Any CPU
		{B4499D27-1E17-4FC3-9159-BF07AF346855}.Debug|Any CPU.Build.0 = Debug|Any CPU
		{B4499D27-1E17-4FC3-9159-BF07AF346855}.Debug|ARM.ActiveCfg = Debug|Any CPU
		{B4499D27-1E17-4FC3-9159-BF07AF346855}.Debug|ARM.Build.0 = Debug|Any CPU
		{B4499D27-1E17-4FC3-9159-BF07AF346855}.Debug|ARM64.ActiveCfg = Debug|Any CPU
		{B4499D27-1E17-4FC3-9159-BF07AF346855}.Debug|ARM64.Build.0 = Debug|Any CPU
		{B4499D27-1E17-4FC3-9159-BF07AF346855}.Debug|iPhone.ActiveCfg = Debug|Any CPU
		{B4499D27-1E17-4FC3-9159-BF07AF346855}.Debug|iPhone.Build.0 = Debug|Any CPU
		{B4499D27-1E17-4FC3-9159-BF07AF346855}.Debug|iPhoneSimulator.ActiveCfg = Debug|Any CPU
		{B4499D27-1E17-4FC3-9159-BF07AF346855}.Debug|iPhoneSimulator.Build.0 = Debug|Any CPU
		{B4499D27-1E17-4FC3-9159-BF07AF346855}.Debug|x64.ActiveCfg = Debug|Any CPU
		{B4499D27-1E17-4FC3-9159-BF07AF346855}.Debug|x64.Build.0 = Debug|Any CPU
		{B4499D27-1E17-4FC3-9159-BF07AF346855}.Debug|x86.ActiveCfg = Debug|Any CPU
		{B4499D27-1E17-4FC3-9159-BF07AF346855}.Debug|x86.Build.0 = Debug|Any CPU
		{B4499D27-1E17-4FC3-9159-BF07AF346855}.Release|Any CPU.ActiveCfg = Release|Any CPU
		{B4499D27-1E17-4FC3-9159-BF07AF346855}.Release|Any CPU.Build.0 = Release|Any CPU
		{B4499D27-1E17-4FC3-9159-BF07AF346855}.Release|ARM.ActiveCfg = Release|Any CPU
		{B4499D27-1E17-4FC3-9159-BF07AF346855}.Release|ARM.Build.0 = Release|Any CPU
		{B4499D27-1E17-4FC3-9159-BF07AF346855}.Release|ARM64.ActiveCfg = Release|Any CPU
		{B4499D27-1E17-4FC3-9159-BF07AF346855}.Release|ARM64.Build.0 = Release|Any CPU
		{B4499D27-1E17-4FC3-9159-BF07AF346855}.Release|iPhone.ActiveCfg = Release|Any CPU
		{B4499D27-1E17-4FC3-9159-BF07AF346855}.Release|iPhone.Build.0 = Release|Any CPU
		{B4499D27-1E17-4FC3-9159-BF07AF346855}.Release|iPhoneSimulator.ActiveCfg = Release|Any CPU
		{B4499D27-1E17-4FC3-9159-BF07AF346855}.Release|iPhoneSimulator.Build.0 = Release|Any CPU
		{B4499D27-1E17-4FC3-9159-BF07AF346855}.Release|x64.ActiveCfg = Release|Any CPU
		{B4499D27-1E17-4FC3-9159-BF07AF346855}.Release|x64.Build.0 = Release|Any CPU
		{B4499D27-1E17-4FC3-9159-BF07AF346855}.Release|x86.ActiveCfg = Release|Any CPU
		{B4499D27-1E17-4FC3-9159-BF07AF346855}.Release|x86.Build.0 = Release|Any CPU
		{E0E94823-989B-4EED-9A23-B24A64C1D328}.Debug|Any CPU.ActiveCfg = Debug|Any CPU
		{E0E94823-989B-4EED-9A23-B24A64C1D328}.Debug|Any CPU.Build.0 = Debug|Any CPU
		{E0E94823-989B-4EED-9A23-B24A64C1D328}.Debug|ARM.ActiveCfg = Debug|Any CPU
		{E0E94823-989B-4EED-9A23-B24A64C1D328}.Debug|ARM.Build.0 = Debug|Any CPU
		{E0E94823-989B-4EED-9A23-B24A64C1D328}.Debug|ARM64.ActiveCfg = Debug|Any CPU
		{E0E94823-989B-4EED-9A23-B24A64C1D328}.Debug|ARM64.Build.0 = Debug|Any CPU
		{E0E94823-989B-4EED-9A23-B24A64C1D328}.Debug|iPhone.ActiveCfg = Debug|Any CPU
		{E0E94823-989B-4EED-9A23-B24A64C1D328}.Debug|iPhone.Build.0 = Debug|Any CPU
		{E0E94823-989B-4EED-9A23-B24A64C1D328}.Debug|iPhoneSimulator.ActiveCfg = Debug|Any CPU
		{E0E94823-989B-4EED-9A23-B24A64C1D328}.Debug|iPhoneSimulator.Build.0 = Debug|Any CPU
		{E0E94823-989B-4EED-9A23-B24A64C1D328}.Debug|x64.ActiveCfg = Debug|Any CPU
		{E0E94823-989B-4EED-9A23-B24A64C1D328}.Debug|x64.Build.0 = Debug|Any CPU
		{E0E94823-989B-4EED-9A23-B24A64C1D328}.Debug|x86.ActiveCfg = Debug|Any CPU
		{E0E94823-989B-4EED-9A23-B24A64C1D328}.Debug|x86.Build.0 = Debug|Any CPU
		{E0E94823-989B-4EED-9A23-B24A64C1D328}.Release|Any CPU.ActiveCfg = Release|Any CPU
		{E0E94823-989B-4EED-9A23-B24A64C1D328}.Release|Any CPU.Build.0 = Release|Any CPU
		{E0E94823-989B-4EED-9A23-B24A64C1D328}.Release|ARM.ActiveCfg = Release|Any CPU
		{E0E94823-989B-4EED-9A23-B24A64C1D328}.Release|ARM.Build.0 = Release|Any CPU
		{E0E94823-989B-4EED-9A23-B24A64C1D328}.Release|ARM64.ActiveCfg = Release|Any CPU
		{E0E94823-989B-4EED-9A23-B24A64C1D328}.Release|ARM64.Build.0 = Release|Any CPU
		{E0E94823-989B-4EED-9A23-B24A64C1D328}.Release|iPhone.ActiveCfg = Release|Any CPU
		{E0E94823-989B-4EED-9A23-B24A64C1D328}.Release|iPhone.Build.0 = Release|Any CPU
		{E0E94823-989B-4EED-9A23-B24A64C1D328}.Release|iPhoneSimulator.ActiveCfg = Release|Any CPU
		{E0E94823-989B-4EED-9A23-B24A64C1D328}.Release|iPhoneSimulator.Build.0 = Release|Any CPU
		{E0E94823-989B-4EED-9A23-B24A64C1D328}.Release|x64.ActiveCfg = Release|Any CPU
		{E0E94823-989B-4EED-9A23-B24A64C1D328}.Release|x64.Build.0 = Release|Any CPU
		{E0E94823-989B-4EED-9A23-B24A64C1D328}.Release|x86.ActiveCfg = Release|Any CPU
		{E0E94823-989B-4EED-9A23-B24A64C1D328}.Release|x86.Build.0 = Release|Any CPU
		{1A2CA0FB-16B4-4C31-983C-C45DD3FB2DF4}.Debug|Any CPU.ActiveCfg = Debug|Any CPU
		{1A2CA0FB-16B4-4C31-983C-C45DD3FB2DF4}.Debug|Any CPU.Build.0 = Debug|Any CPU
		{1A2CA0FB-16B4-4C31-983C-C45DD3FB2DF4}.Debug|ARM.ActiveCfg = Debug|Any CPU
		{1A2CA0FB-16B4-4C31-983C-C45DD3FB2DF4}.Debug|ARM.Build.0 = Debug|Any CPU
		{1A2CA0FB-16B4-4C31-983C-C45DD3FB2DF4}.Debug|ARM64.ActiveCfg = Debug|Any CPU
		{1A2CA0FB-16B4-4C31-983C-C45DD3FB2DF4}.Debug|ARM64.Build.0 = Debug|Any CPU
		{1A2CA0FB-16B4-4C31-983C-C45DD3FB2DF4}.Debug|iPhone.ActiveCfg = Debug|Any CPU
		{1A2CA0FB-16B4-4C31-983C-C45DD3FB2DF4}.Debug|iPhone.Build.0 = Debug|Any CPU
		{1A2CA0FB-16B4-4C31-983C-C45DD3FB2DF4}.Debug|iPhoneSimulator.ActiveCfg = Debug|Any CPU
		{1A2CA0FB-16B4-4C31-983C-C45DD3FB2DF4}.Debug|iPhoneSimulator.Build.0 = Debug|Any CPU
		{1A2CA0FB-16B4-4C31-983C-C45DD3FB2DF4}.Debug|x64.ActiveCfg = Debug|Any CPU
		{1A2CA0FB-16B4-4C31-983C-C45DD3FB2DF4}.Debug|x64.Build.0 = Debug|Any CPU
		{1A2CA0FB-16B4-4C31-983C-C45DD3FB2DF4}.Debug|x86.ActiveCfg = Debug|Any CPU
		{1A2CA0FB-16B4-4C31-983C-C45DD3FB2DF4}.Debug|x86.Build.0 = Debug|Any CPU
		{1A2CA0FB-16B4-4C31-983C-C45DD3FB2DF4}.Release|Any CPU.ActiveCfg = Release|Any CPU
		{1A2CA0FB-16B4-4C31-983C-C45DD3FB2DF4}.Release|Any CPU.Build.0 = Release|Any CPU
		{1A2CA0FB-16B4-4C31-983C-C45DD3FB2DF4}.Release|ARM.ActiveCfg = Release|Any CPU
		{1A2CA0FB-16B4-4C31-983C-C45DD3FB2DF4}.Release|ARM.Build.0 = Release|Any CPU
		{1A2CA0FB-16B4-4C31-983C-C45DD3FB2DF4}.Release|ARM64.ActiveCfg = Release|Any CPU
		{1A2CA0FB-16B4-4C31-983C-C45DD3FB2DF4}.Release|ARM64.Build.0 = Release|Any CPU
		{1A2CA0FB-16B4-4C31-983C-C45DD3FB2DF4}.Release|iPhone.ActiveCfg = Release|Any CPU
		{1A2CA0FB-16B4-4C31-983C-C45DD3FB2DF4}.Release|iPhone.Build.0 = Release|Any CPU
		{1A2CA0FB-16B4-4C31-983C-C45DD3FB2DF4}.Release|iPhoneSimulator.ActiveCfg = Release|Any CPU
		{1A2CA0FB-16B4-4C31-983C-C45DD3FB2DF4}.Release|iPhoneSimulator.Build.0 = Release|Any CPU
		{1A2CA0FB-16B4-4C31-983C-C45DD3FB2DF4}.Release|x64.ActiveCfg = Release|Any CPU
		{1A2CA0FB-16B4-4C31-983C-C45DD3FB2DF4}.Release|x64.Build.0 = Release|Any CPU
		{1A2CA0FB-16B4-4C31-983C-C45DD3FB2DF4}.Release|x86.ActiveCfg = Release|Any CPU
		{1A2CA0FB-16B4-4C31-983C-C45DD3FB2DF4}.Release|x86.Build.0 = Release|Any CPU
		{8552BC80-7681-4F52-9707-E5537F6C46E7}.Debug|Any CPU.ActiveCfg = Debug|Any CPU
		{8552BC80-7681-4F52-9707-E5537F6C46E7}.Debug|Any CPU.Build.0 = Debug|Any CPU
		{8552BC80-7681-4F52-9707-E5537F6C46E7}.Debug|ARM.ActiveCfg = Debug|Any CPU
		{8552BC80-7681-4F52-9707-E5537F6C46E7}.Debug|ARM.Build.0 = Debug|Any CPU
		{8552BC80-7681-4F52-9707-E5537F6C46E7}.Debug|ARM64.ActiveCfg = Debug|Any CPU
		{8552BC80-7681-4F52-9707-E5537F6C46E7}.Debug|ARM64.Build.0 = Debug|Any CPU
		{8552BC80-7681-4F52-9707-E5537F6C46E7}.Debug|iPhone.ActiveCfg = Debug|Any CPU
		{8552BC80-7681-4F52-9707-E5537F6C46E7}.Debug|iPhone.Build.0 = Debug|Any CPU
		{8552BC80-7681-4F52-9707-E5537F6C46E7}.Debug|iPhoneSimulator.ActiveCfg = Debug|Any CPU
		{8552BC80-7681-4F52-9707-E5537F6C46E7}.Debug|iPhoneSimulator.Build.0 = Debug|Any CPU
		{8552BC80-7681-4F52-9707-E5537F6C46E7}.Debug|x64.ActiveCfg = Debug|Any CPU
		{8552BC80-7681-4F52-9707-E5537F6C46E7}.Debug|x64.Build.0 = Debug|Any CPU
		{8552BC80-7681-4F52-9707-E5537F6C46E7}.Debug|x86.ActiveCfg = Debug|Any CPU
		{8552BC80-7681-4F52-9707-E5537F6C46E7}.Debug|x86.Build.0 = Debug|Any CPU
		{8552BC80-7681-4F52-9707-E5537F6C46E7}.Release|Any CPU.ActiveCfg = Release|Any CPU
		{8552BC80-7681-4F52-9707-E5537F6C46E7}.Release|Any CPU.Build.0 = Release|Any CPU
		{8552BC80-7681-4F52-9707-E5537F6C46E7}.Release|ARM.ActiveCfg = Release|Any CPU
		{8552BC80-7681-4F52-9707-E5537F6C46E7}.Release|ARM.Build.0 = Release|Any CPU
		{8552BC80-7681-4F52-9707-E5537F6C46E7}.Release|ARM64.ActiveCfg = Release|Any CPU
		{8552BC80-7681-4F52-9707-E5537F6C46E7}.Release|ARM64.Build.0 = Release|Any CPU
		{8552BC80-7681-4F52-9707-E5537F6C46E7}.Release|iPhone.ActiveCfg = Release|Any CPU
		{8552BC80-7681-4F52-9707-E5537F6C46E7}.Release|iPhone.Build.0 = Release|Any CPU
		{8552BC80-7681-4F52-9707-E5537F6C46E7}.Release|iPhoneSimulator.ActiveCfg = Release|Any CPU
		{8552BC80-7681-4F52-9707-E5537F6C46E7}.Release|iPhoneSimulator.Build.0 = Release|Any CPU
		{8552BC80-7681-4F52-9707-E5537F6C46E7}.Release|x64.ActiveCfg = Release|Any CPU
		{8552BC80-7681-4F52-9707-E5537F6C46E7}.Release|x64.Build.0 = Release|Any CPU
		{8552BC80-7681-4F52-9707-E5537F6C46E7}.Release|x86.ActiveCfg = Release|Any CPU
		{8552BC80-7681-4F52-9707-E5537F6C46E7}.Release|x86.Build.0 = Release|Any CPU
		{A686AA48-40E2-42C7-8AFE-60DFD5F94D99}.Debug|Any CPU.ActiveCfg = Debug|Any CPU
		{A686AA48-40E2-42C7-8AFE-60DFD5F94D99}.Debug|Any CPU.Build.0 = Debug|Any CPU
		{A686AA48-40E2-42C7-8AFE-60DFD5F94D99}.Debug|ARM.ActiveCfg = Debug|Any CPU
		{A686AA48-40E2-42C7-8AFE-60DFD5F94D99}.Debug|ARM.Build.0 = Debug|Any CPU
		{A686AA48-40E2-42C7-8AFE-60DFD5F94D99}.Debug|ARM64.ActiveCfg = Debug|Any CPU
		{A686AA48-40E2-42C7-8AFE-60DFD5F94D99}.Debug|ARM64.Build.0 = Debug|Any CPU
		{A686AA48-40E2-42C7-8AFE-60DFD5F94D99}.Debug|iPhone.ActiveCfg = Debug|Any CPU
		{A686AA48-40E2-42C7-8AFE-60DFD5F94D99}.Debug|iPhone.Build.0 = Debug|Any CPU
		{A686AA48-40E2-42C7-8AFE-60DFD5F94D99}.Debug|iPhoneSimulator.ActiveCfg = Debug|Any CPU
		{A686AA48-40E2-42C7-8AFE-60DFD5F94D99}.Debug|iPhoneSimulator.Build.0 = Debug|Any CPU
		{A686AA48-40E2-42C7-8AFE-60DFD5F94D99}.Debug|x64.ActiveCfg = Debug|Any CPU
		{A686AA48-40E2-42C7-8AFE-60DFD5F94D99}.Debug|x64.Build.0 = Debug|Any CPU
		{A686AA48-40E2-42C7-8AFE-60DFD5F94D99}.Debug|x86.ActiveCfg = Debug|Any CPU
		{A686AA48-40E2-42C7-8AFE-60DFD5F94D99}.Debug|x86.Build.0 = Debug|Any CPU
		{A686AA48-40E2-42C7-8AFE-60DFD5F94D99}.Release|Any CPU.ActiveCfg = Release|Any CPU
		{A686AA48-40E2-42C7-8AFE-60DFD5F94D99}.Release|Any CPU.Build.0 = Release|Any CPU
		{A686AA48-40E2-42C7-8AFE-60DFD5F94D99}.Release|ARM.ActiveCfg = Release|Any CPU
		{A686AA48-40E2-42C7-8AFE-60DFD5F94D99}.Release|ARM.Build.0 = Release|Any CPU
		{A686AA48-40E2-42C7-8AFE-60DFD5F94D99}.Release|ARM64.ActiveCfg = Release|Any CPU
		{A686AA48-40E2-42C7-8AFE-60DFD5F94D99}.Release|ARM64.Build.0 = Release|Any CPU
		{A686AA48-40E2-42C7-8AFE-60DFD5F94D99}.Release|iPhone.ActiveCfg = Release|Any CPU
		{A686AA48-40E2-42C7-8AFE-60DFD5F94D99}.Release|iPhone.Build.0 = Release|Any CPU
		{A686AA48-40E2-42C7-8AFE-60DFD5F94D99}.Release|iPhoneSimulator.ActiveCfg = Release|Any CPU
		{A686AA48-40E2-42C7-8AFE-60DFD5F94D99}.Release|iPhoneSimulator.Build.0 = Release|Any CPU
		{A686AA48-40E2-42C7-8AFE-60DFD5F94D99}.Release|x64.ActiveCfg = Release|Any CPU
		{A686AA48-40E2-42C7-8AFE-60DFD5F94D99}.Release|x64.Build.0 = Release|Any CPU
		{A686AA48-40E2-42C7-8AFE-60DFD5F94D99}.Release|x86.ActiveCfg = Release|Any CPU
		{A686AA48-40E2-42C7-8AFE-60DFD5F94D99}.Release|x86.Build.0 = Release|Any CPU
		{AA59FD23-EEF6-4FD5-BF29-7E7979673486}.Debug|Any CPU.ActiveCfg = Debug|Any CPU
		{AA59FD23-EEF6-4FD5-BF29-7E7979673486}.Debug|Any CPU.Build.0 = Debug|Any CPU
		{AA59FD23-EEF6-4FD5-BF29-7E7979673486}.Debug|ARM.ActiveCfg = Debug|Any CPU
		{AA59FD23-EEF6-4FD5-BF29-7E7979673486}.Debug|ARM.Build.0 = Debug|Any CPU
		{AA59FD23-EEF6-4FD5-BF29-7E7979673486}.Debug|ARM64.ActiveCfg = Debug|Any CPU
		{AA59FD23-EEF6-4FD5-BF29-7E7979673486}.Debug|ARM64.Build.0 = Debug|Any CPU
		{AA59FD23-EEF6-4FD5-BF29-7E7979673486}.Debug|iPhone.ActiveCfg = Debug|Any CPU
		{AA59FD23-EEF6-4FD5-BF29-7E7979673486}.Debug|iPhone.Build.0 = Debug|Any CPU
		{AA59FD23-EEF6-4FD5-BF29-7E7979673486}.Debug|iPhoneSimulator.ActiveCfg = Debug|Any CPU
		{AA59FD23-EEF6-4FD5-BF29-7E7979673486}.Debug|iPhoneSimulator.Build.0 = Debug|Any CPU
		{AA59FD23-EEF6-4FD5-BF29-7E7979673486}.Debug|x64.ActiveCfg = Debug|Any CPU
		{AA59FD23-EEF6-4FD5-BF29-7E7979673486}.Debug|x64.Build.0 = Debug|Any CPU
		{AA59FD23-EEF6-4FD5-BF29-7E7979673486}.Debug|x86.ActiveCfg = Debug|Any CPU
		{AA59FD23-EEF6-4FD5-BF29-7E7979673486}.Debug|x86.Build.0 = Debug|Any CPU
		{AA59FD23-EEF6-4FD5-BF29-7E7979673486}.Release|Any CPU.ActiveCfg = Release|Any CPU
		{AA59FD23-EEF6-4FD5-BF29-7E7979673486}.Release|Any CPU.Build.0 = Release|Any CPU
		{AA59FD23-EEF6-4FD5-BF29-7E7979673486}.Release|ARM.ActiveCfg = Release|Any CPU
		{AA59FD23-EEF6-4FD5-BF29-7E7979673486}.Release|ARM.Build.0 = Release|Any CPU
		{AA59FD23-EEF6-4FD5-BF29-7E7979673486}.Release|ARM64.ActiveCfg = Release|Any CPU
		{AA59FD23-EEF6-4FD5-BF29-7E7979673486}.Release|ARM64.Build.0 = Release|Any CPU
		{AA59FD23-EEF6-4FD5-BF29-7E7979673486}.Release|iPhone.ActiveCfg = Release|Any CPU
		{AA59FD23-EEF6-4FD5-BF29-7E7979673486}.Release|iPhone.Build.0 = Release|Any CPU
		{AA59FD23-EEF6-4FD5-BF29-7E7979673486}.Release|iPhoneSimulator.ActiveCfg = Release|Any CPU
		{AA59FD23-EEF6-4FD5-BF29-7E7979673486}.Release|iPhoneSimulator.Build.0 = Release|Any CPU
		{AA59FD23-EEF6-4FD5-BF29-7E7979673486}.Release|x64.ActiveCfg = Release|Any CPU
		{AA59FD23-EEF6-4FD5-BF29-7E7979673486}.Release|x64.Build.0 = Release|Any CPU
		{AA59FD23-EEF6-4FD5-BF29-7E7979673486}.Release|x86.ActiveCfg = Release|Any CPU
		{AA59FD23-EEF6-4FD5-BF29-7E7979673486}.Release|x86.Build.0 = Release|Any CPU
		{3D98C040-D339-4414-80AD-114933CA2D55}.Debug|Any CPU.ActiveCfg = Debug|Any CPU
		{3D98C040-D339-4414-80AD-114933CA2D55}.Debug|Any CPU.Build.0 = Debug|Any CPU
		{3D98C040-D339-4414-80AD-114933CA2D55}.Debug|ARM.ActiveCfg = Debug|Any CPU
		{3D98C040-D339-4414-80AD-114933CA2D55}.Debug|ARM.Build.0 = Debug|Any CPU
		{3D98C040-D339-4414-80AD-114933CA2D55}.Debug|ARM64.ActiveCfg = Debug|Any CPU
		{3D98C040-D339-4414-80AD-114933CA2D55}.Debug|ARM64.Build.0 = Debug|Any CPU
		{3D98C040-D339-4414-80AD-114933CA2D55}.Debug|iPhone.ActiveCfg = Debug|Any CPU
		{3D98C040-D339-4414-80AD-114933CA2D55}.Debug|iPhone.Build.0 = Debug|Any CPU
		{3D98C040-D339-4414-80AD-114933CA2D55}.Debug|iPhoneSimulator.ActiveCfg = Debug|Any CPU
		{3D98C040-D339-4414-80AD-114933CA2D55}.Debug|iPhoneSimulator.Build.0 = Debug|Any CPU
		{3D98C040-D339-4414-80AD-114933CA2D55}.Debug|x64.ActiveCfg = Debug|x64
		{3D98C040-D339-4414-80AD-114933CA2D55}.Debug|x64.Build.0 = Debug|x64
		{3D98C040-D339-4414-80AD-114933CA2D55}.Debug|x86.ActiveCfg = Debug|Any CPU
		{3D98C040-D339-4414-80AD-114933CA2D55}.Debug|x86.Build.0 = Debug|Any CPU
		{3D98C040-D339-4414-80AD-114933CA2D55}.Release|Any CPU.ActiveCfg = Release|Any CPU
		{3D98C040-D339-4414-80AD-114933CA2D55}.Release|Any CPU.Build.0 = Release|Any CPU
		{3D98C040-D339-4414-80AD-114933CA2D55}.Release|ARM.ActiveCfg = Release|Any CPU
		{3D98C040-D339-4414-80AD-114933CA2D55}.Release|ARM.Build.0 = Release|Any CPU
		{3D98C040-D339-4414-80AD-114933CA2D55}.Release|ARM64.ActiveCfg = Release|Any CPU
		{3D98C040-D339-4414-80AD-114933CA2D55}.Release|ARM64.Build.0 = Release|Any CPU
		{3D98C040-D339-4414-80AD-114933CA2D55}.Release|iPhone.ActiveCfg = Release|Any CPU
		{3D98C040-D339-4414-80AD-114933CA2D55}.Release|iPhone.Build.0 = Release|Any CPU
		{3D98C040-D339-4414-80AD-114933CA2D55}.Release|iPhoneSimulator.ActiveCfg = Release|Any CPU
		{3D98C040-D339-4414-80AD-114933CA2D55}.Release|iPhoneSimulator.Build.0 = Release|Any CPU
		{3D98C040-D339-4414-80AD-114933CA2D55}.Release|x64.ActiveCfg = Release|x64
		{3D98C040-D339-4414-80AD-114933CA2D55}.Release|x64.Build.0 = Release|x64
		{3D98C040-D339-4414-80AD-114933CA2D55}.Release|x86.ActiveCfg = Release|Any CPU
		{3D98C040-D339-4414-80AD-114933CA2D55}.Release|x86.Build.0 = Release|Any CPU
		{1F4F2AAD-8478-4A3D-A0CA-ED81F6F724AF}.Debug|Any CPU.ActiveCfg = Debug|Any CPU
		{1F4F2AAD-8478-4A3D-A0CA-ED81F6F724AF}.Debug|Any CPU.Build.0 = Debug|Any CPU
		{1F4F2AAD-8478-4A3D-A0CA-ED81F6F724AF}.Debug|ARM.ActiveCfg = Debug|Any CPU
		{1F4F2AAD-8478-4A3D-A0CA-ED81F6F724AF}.Debug|ARM.Build.0 = Debug|Any CPU
		{1F4F2AAD-8478-4A3D-A0CA-ED81F6F724AF}.Debug|ARM64.ActiveCfg = Debug|Any CPU
		{1F4F2AAD-8478-4A3D-A0CA-ED81F6F724AF}.Debug|ARM64.Build.0 = Debug|Any CPU
		{1F4F2AAD-8478-4A3D-A0CA-ED81F6F724AF}.Debug|iPhone.ActiveCfg = Debug|Any CPU
		{1F4F2AAD-8478-4A3D-A0CA-ED81F6F724AF}.Debug|iPhone.Build.0 = Debug|Any CPU
		{1F4F2AAD-8478-4A3D-A0CA-ED81F6F724AF}.Debug|iPhoneSimulator.ActiveCfg = Debug|Any CPU
		{1F4F2AAD-8478-4A3D-A0CA-ED81F6F724AF}.Debug|iPhoneSimulator.Build.0 = Debug|Any CPU
		{1F4F2AAD-8478-4A3D-A0CA-ED81F6F724AF}.Debug|x64.ActiveCfg = Debug|Any CPU
		{1F4F2AAD-8478-4A3D-A0CA-ED81F6F724AF}.Debug|x64.Build.0 = Debug|Any CPU
		{1F4F2AAD-8478-4A3D-A0CA-ED81F6F724AF}.Debug|x86.ActiveCfg = Debug|Any CPU
		{1F4F2AAD-8478-4A3D-A0CA-ED81F6F724AF}.Debug|x86.Build.0 = Debug|Any CPU
		{1F4F2AAD-8478-4A3D-A0CA-ED81F6F724AF}.Release|Any CPU.ActiveCfg = Release|Any CPU
		{1F4F2AAD-8478-4A3D-A0CA-ED81F6F724AF}.Release|Any CPU.Build.0 = Release|Any CPU
		{1F4F2AAD-8478-4A3D-A0CA-ED81F6F724AF}.Release|ARM.ActiveCfg = Release|Any CPU
		{1F4F2AAD-8478-4A3D-A0CA-ED81F6F724AF}.Release|ARM.Build.0 = Release|Any CPU
		{1F4F2AAD-8478-4A3D-A0CA-ED81F6F724AF}.Release|ARM64.ActiveCfg = Release|Any CPU
		{1F4F2AAD-8478-4A3D-A0CA-ED81F6F724AF}.Release|ARM64.Build.0 = Release|Any CPU
		{1F4F2AAD-8478-4A3D-A0CA-ED81F6F724AF}.Release|iPhone.ActiveCfg = Release|Any CPU
		{1F4F2AAD-8478-4A3D-A0CA-ED81F6F724AF}.Release|iPhone.Build.0 = Release|Any CPU
		{1F4F2AAD-8478-4A3D-A0CA-ED81F6F724AF}.Release|iPhoneSimulator.ActiveCfg = Release|Any CPU
		{1F4F2AAD-8478-4A3D-A0CA-ED81F6F724AF}.Release|iPhoneSimulator.Build.0 = Release|Any CPU
		{1F4F2AAD-8478-4A3D-A0CA-ED81F6F724AF}.Release|x64.ActiveCfg = Release|Any CPU
		{1F4F2AAD-8478-4A3D-A0CA-ED81F6F724AF}.Release|x64.Build.0 = Release|Any CPU
		{1F4F2AAD-8478-4A3D-A0CA-ED81F6F724AF}.Release|x86.ActiveCfg = Release|Any CPU
		{1F4F2AAD-8478-4A3D-A0CA-ED81F6F724AF}.Release|x86.Build.0 = Release|Any CPU
		{0BDDCC43-485A-45B6-8E8A-E1E3115F0B45}.Debug|Any CPU.ActiveCfg = Debug|Any CPU
		{0BDDCC43-485A-45B6-8E8A-E1E3115F0B45}.Debug|Any CPU.Build.0 = Debug|Any CPU
		{0BDDCC43-485A-45B6-8E8A-E1E3115F0B45}.Debug|ARM.ActiveCfg = Debug|Any CPU
		{0BDDCC43-485A-45B6-8E8A-E1E3115F0B45}.Debug|ARM.Build.0 = Debug|Any CPU
		{0BDDCC43-485A-45B6-8E8A-E1E3115F0B45}.Debug|ARM64.ActiveCfg = Debug|Any CPU
		{0BDDCC43-485A-45B6-8E8A-E1E3115F0B45}.Debug|ARM64.Build.0 = Debug|Any CPU
		{0BDDCC43-485A-45B6-8E8A-E1E3115F0B45}.Debug|iPhone.ActiveCfg = Debug|Any CPU
		{0BDDCC43-485A-45B6-8E8A-E1E3115F0B45}.Debug|iPhone.Build.0 = Debug|Any CPU
		{0BDDCC43-485A-45B6-8E8A-E1E3115F0B45}.Debug|iPhoneSimulator.ActiveCfg = Debug|Any CPU
		{0BDDCC43-485A-45B6-8E8A-E1E3115F0B45}.Debug|iPhoneSimulator.Build.0 = Debug|Any CPU
		{0BDDCC43-485A-45B6-8E8A-E1E3115F0B45}.Debug|x64.ActiveCfg = Debug|Any CPU
		{0BDDCC43-485A-45B6-8E8A-E1E3115F0B45}.Debug|x64.Build.0 = Debug|Any CPU
		{0BDDCC43-485A-45B6-8E8A-E1E3115F0B45}.Debug|x86.ActiveCfg = Debug|Any CPU
		{0BDDCC43-485A-45B6-8E8A-E1E3115F0B45}.Debug|x86.Build.0 = Debug|Any CPU
		{0BDDCC43-485A-45B6-8E8A-E1E3115F0B45}.Release|Any CPU.ActiveCfg = Release|Any CPU
		{0BDDCC43-485A-45B6-8E8A-E1E3115F0B45}.Release|Any CPU.Build.0 = Release|Any CPU
		{0BDDCC43-485A-45B6-8E8A-E1E3115F0B45}.Release|ARM.ActiveCfg = Release|Any CPU
		{0BDDCC43-485A-45B6-8E8A-E1E3115F0B45}.Release|ARM.Build.0 = Release|Any CPU
		{0BDDCC43-485A-45B6-8E8A-E1E3115F0B45}.Release|ARM64.ActiveCfg = Release|Any CPU
		{0BDDCC43-485A-45B6-8E8A-E1E3115F0B45}.Release|ARM64.Build.0 = Release|Any CPU
		{0BDDCC43-485A-45B6-8E8A-E1E3115F0B45}.Release|iPhone.ActiveCfg = Release|Any CPU
		{0BDDCC43-485A-45B6-8E8A-E1E3115F0B45}.Release|iPhone.Build.0 = Release|Any CPU
		{0BDDCC43-485A-45B6-8E8A-E1E3115F0B45}.Release|iPhoneSimulator.ActiveCfg = Release|Any CPU
		{0BDDCC43-485A-45B6-8E8A-E1E3115F0B45}.Release|iPhoneSimulator.Build.0 = Release|Any CPU
		{0BDDCC43-485A-45B6-8E8A-E1E3115F0B45}.Release|x64.ActiveCfg = Release|Any CPU
		{0BDDCC43-485A-45B6-8E8A-E1E3115F0B45}.Release|x64.Build.0 = Release|Any CPU
		{0BDDCC43-485A-45B6-8E8A-E1E3115F0B45}.Release|x86.ActiveCfg = Release|Any CPU
		{0BDDCC43-485A-45B6-8E8A-E1E3115F0B45}.Release|x86.Build.0 = Release|Any CPU
	EndGlobalSection
	GlobalSection(SolutionProperties) = preSolution
		HideSolutionNode = FALSE
	EndGlobalSection
	GlobalSection(NestedProjects) = preSolution
		{B3D9AC2D-7807-4AED-B827-6954BF48B2EE} = {9763EA40-6A05-47E7-A7D9-EECDA9C1CD65}
		{0EEF14D8-6B5E-41E0-A728-CB8A26375A4C} = {64D6DC3D-980F-4AE0-8C83-5D9746386E14}
		{828D8D50-6862-449B-A546-CB4096618BFA} = {A6B87991-F62D-4961-8B89-C879DD6CFA4B}
		{A164B39B-E0BC-4FE6-8707-DD2BCA9892F9} = {5E6F08F8-FEB9-4598-A61A-B4AFFE96126B}
		{CAC4E59B-57C3-4A47-BAB2-802BAFF3690D} = {5E6F08F8-FEB9-4598-A61A-B4AFFE96126B}
		{7C8024DF-0302-455E-8DC1-D138A7D06426} = {A6B87991-F62D-4961-8B89-C879DD6CFA4B}
		{777A4ABC-B4E7-4316-BC41-2DB18F08CC01} = {A6B87991-F62D-4961-8B89-C879DD6CFA4B}
		{B4499D27-1E17-4FC3-9159-BF07AF346855} = {A6B87991-F62D-4961-8B89-C879DD6CFA4B}
		{E0E94823-989B-4EED-9A23-B24A64C1D328} = {A6B87991-F62D-4961-8B89-C879DD6CFA4B}
		{1A2CA0FB-16B4-4C31-983C-C45DD3FB2DF4} = {A6B87991-F62D-4961-8B89-C879DD6CFA4B}
		{8552BC80-7681-4F52-9707-E5537F6C46E7} = {A6B87991-F62D-4961-8B89-C879DD6CFA4B}
		{A686AA48-40E2-42C7-8AFE-60DFD5F94D99} = {A6B87991-F62D-4961-8B89-C879DD6CFA4B}
		{AA59FD23-EEF6-4FD5-BF29-7E7979673486} = {A6B87991-F62D-4961-8B89-C879DD6CFA4B}
		{3D98C040-D339-4414-80AD-114933CA2D55} = {9763EA40-6A05-47E7-A7D9-EECDA9C1CD65}
		{1F4F2AAD-8478-4A3D-A0CA-ED81F6F724AF} = {64D6DC3D-980F-4AE0-8C83-5D9746386E14}
		{0BDDCC43-485A-45B6-8E8A-E1E3115F0B45} = {64D6DC3D-980F-4AE0-8C83-5D9746386E14}
		{5E6F08F8-FEB9-4598-A61A-B4AFFE96126B} = {9763EA40-6A05-47E7-A7D9-EECDA9C1CD65}
		{A6B87991-F62D-4961-8B89-C879DD6CFA4B} = {9763EA40-6A05-47E7-A7D9-EECDA9C1CD65}
	EndGlobalSection
	GlobalSection(ExtensibilityGlobals) = postSolution
		SolutionGuid = {17AB04C6-B194-48A3-A767-BF77F7934376}
	EndGlobalSection
EndGlobal
