
Microsoft Visual Studio Solution File, Format Version 12.00
# Visual Studio Version 17
VisualStudioVersion = 17.14.35906.104
MinimumVisualStudioVersion = 10.0.40219.1
Project("{E53339B2-1760-4266-BCC7-CA923CBCF16C}") = "docker-compose", "docker-compose.dcproj", "{81DDED9D-158B-E303-5F62-77A2896D2A5A}"
EndProject
Project("{2150E333-8FDC-42A3-9474-1A3956D46DE8}") = "Projektmappenelemente", "Projektmappenelemente", "{829B9490-4CCA-40BC-4DD4-7D38DB01FE48}"
	ProjectSection(SolutionItems) = preProject
		.cursorrules = .cursorrules
		.dockerignore = .dockerignore
		.editorconfig = .editorconfig
		.gitignore = .gitignore
		.windsurfrules = .windsurfrules
		CLAUDE.md = CLAUDE.md
		.github\codeql\codeql-config.yml = .github\codeql\codeql-config.yml
		.github\workflows\codeql.yml = .github\workflows\codeql.yml
		CODE_OF_CONDUCT.md = CODE_OF_CONDUCT.md
		CONTRIBUTING.md = CONTRIBUTING.md
		.github\copilot-instructions.md = .github\copilot-instructions.md
		global.json = global.json
		launchSettings.json = launchSettings.json
		LICENSE.txt = LICENSE.txt
		.github\workflows\maerp-browser-publish.yml = .github\workflows\maerp-browser-publish.yml
		.github\workflows\maerp-browser-test.yml = .github\workflows\maerp-browser-test.yml
		.github\workflows\maerp-desktop-release-win-store.yml = .github\workflows\maerp-desktop-release-win-store.yml
		.github\workflows\maerp-desktop-release.yml = .github\workflows\maerp-desktop-release.yml
		.github\workflows\maerp-server-publish.yml = .github\workflows\maerp-server-publish.yml
		.github\workflows\maerp-server-test.yml = .github\workflows\maerp-server-test.yml
		maERP.sln.startup.json = maERP.sln.startup.json
		README.md = README.md
		SECURITY.md = SECURITY.md
		assets\logo.svg = assets\logo.svg
	EndProjectSection
EndProject
Project("{2150E333-8FDC-42A3-9474-1A3956D46DE8}") = "src", "src", "{827E0CD3-B72D-47B6-A68D-7590B98EB39B}"
EndProject
Project("{2150E333-8FDC-42A3-9474-1A3956D46DE8}") = "Core", "Core", "{8D626EA8-CB54-BC41-363A-217881BEBA6E}"
EndProject
Project("{FAE04EC0-301F-11D3-BF4B-00C04F79EFBC}") = "maERP.Application", "src\maERP.Application\maERP.Application.csproj", "{745AF1F6-21FE-F862-0371-734478FD30C5}"
EndProject
Project("{FAE04EC0-301F-11D3-BF4B-00C04F79EFBC}") = "maERP.Domain", "src\maERP.Domain\maERP.Domain.csproj", "{84870EA9-4E3F-0006-F0CB-6B5032B15CBE}"
EndProject
Project("{2150E333-8FDC-42A3-9474-1A3956D46DE8}") = "Infrastructure", "Infrastructure", "{9048EB7F-3875-A59E-E36B-5BD4C6F2A282}"
EndProject
Project("{FAE04EC0-301F-11D3-BF4B-00C04F79EFBC}") = "maERP.Analytics", "src\maERP.Analytics\maERP.Analytics.csproj", "{F312A0BC-1C16-0F2A-FC75-02CE66C65611}"
EndProject
Project("{FAE04EC0-301F-11D3-BF4B-00C04F79EFBC}") = "maERP.Identity", "src\maERP.Identity\maERP.Identity.csproj", "{58601BC6-3EE8-B14E-78BE-516413E5E112}"
EndProject
Project("{FAE04EC0-301F-11D3-BF4B-00C04F79EFBC}") = "maERP.Infrastructure", "src\maERP.Infrastructure\maERP.Infrastructure.csproj", "{583148E9-9096-8E22-CF8A-5D619FB04184}"
EndProject
Project("{FAE04EC0-301F-11D3-BF4B-00C04F79EFBC}") = "maERP.Persistence.MSSQL", "src\maERP.Persistence.MSSQL\maERP.Persistence.MSSQL.csproj", "{3EC2A43E-C571-531A-BFBB-EA1E9CD23B96}"
EndProject
Project("{FAE04EC0-301F-11D3-BF4B-00C04F79EFBC}") = "maERP.Persistence.MySQL", "src\maERP.Persistence.MySQL\maERP.Persistence.MySQL.csproj", "{B5B9AD09-1FCA-E975-F054-577FDD16A5E3}"
EndProject
Project("{FAE04EC0-301F-11D3-BF4B-00C04F79EFBC}") = "maERP.Persistence.PostgreSQL", "src\maERP.Persistence.PostgreSQL\maERP.Persistence.PostgreSQL.csproj", "{7018DBD8-6C1B-3293-B0EA-651A931091ED}"
EndProject
Project("{FAE04EC0-301F-11D3-BF4B-00C04F79EFBC}") = "maERP.Persistence", "src\maERP.Persistence\maERP.Persistence.csproj", "{E2EE3F55-D7C0-3163-CF67-0FE883583055}"
EndProject
Project("{FAE04EC0-301F-11D3-BF4B-00C04F79EFBC}") = "maERP.SalesChannels", "src\maERP.SalesChannels\maERP.SalesChannels.csproj", "{485B4183-1D6B-270A-CD5B-6E8F785563C1}"
EndProject
Project("{2150E333-8FDC-42A3-9474-1A3956D46DE8}") = "Server", "Server", "{E6B48023-E680-40DA-9E17-319585C26937}"
EndProject
Project("{FAE04EC0-301F-11D3-BF4B-00C04F79EFBC}") = "maERP.Server", "src\maERP.Server\maERP.Server.csproj", "{2FDD1F77-7780-20C1-E120-16AB36F09EFB}"
EndProject
Project("{2150E333-8FDC-42A3-9474-1A3956D46DE8}") = "UI", "UI", "{BBB7B94B-6E11-D9F1-7BA6-9ECA82DB22BF}"
EndProject
Project("{2150E333-8FDC-42A3-9474-1A3956D46DE8}") = "tests", "tests", "{0AB3BF05-4346-4AA6-1389-037BE0695223}"
EndProject
Project("{FAE04EC0-301F-11D3-BF4B-00C04F79EFBC}") = "maERP.Persistence.Tests", "tests\maERP.Persistence.Tests\maERP.Persistence.Tests.csproj", "{1677B565-AB23-3CA1-B1D1-D5945C6D0E6F}"
EndProject
Project("{FAE04EC0-301F-11D3-BF4B-00C04F79EFBC}") = "maERP.Server.Tests", "tests\maERP.Server.Tests\maERP.Server.Tests.csproj", "{6087FED5-0FFB-679C-5E44-28B4AEE581E8}"
EndProject
Project("{FAE04EC0-301F-11D3-BF4B-00C04F79EFBC}") = "maERP.Web.Tests", "tests\maERP.Web.Tests\maERP.Web.Tests.csproj", "{D4238594-C239-9083-9F5C-F2072E28F660}"
EndProject
Project("{FAE04EC0-301F-11D3-BF4B-00C04F79EFBC}") = "maERP.UI", "src\maERP.UI\maERP.UI.csproj", "{D4926C68-1240-42F0-03D5-2C9706320098}"
EndProject
Project("{FAE04EC0-301F-11D3-BF4B-00C04F79EFBC}") = "maERP.UI.Android", "src\maERP.UI.Android\maERP.UI.Android.csproj", "{EA9A58FC-3E32-1F6A-CD59-35E454A6D639}"
EndProject
Project("{FAE04EC0-301F-11D3-BF4B-00C04F79EFBC}") = "maERP.UI.Browser", "src\maERP.UI.Browser\maERP.UI.Browser.csproj", "{3CFA7FB8-F268-4625-C86C-4EE44A9A0D93}"
EndProject
Project("{FAE04EC0-301F-11D3-BF4B-00C04F79EFBC}") = "maERP.UI.Desktop", "src\maERP.UI.Desktop\maERP.UI.Desktop.csproj", "{CE3FFF28-395A-3863-64A1-8579D669A916}"
EndProject
Project("{FAE04EC0-301F-11D3-BF4B-00C04F79EFBC}") = "maERP.UI.iOS", "src\maERP.UI.iOS\maERP.UI.iOS.csproj", "{B9484E85-8778-BE46-593C-5AD9A706B0C3}"
EndProject
Project("{FAE04EC0-301F-11D3-BF4B-00C04F79EFBC}") = "maERP.Persistence.SQLite", "src\maERP.Persistence.SQLite\maERP.Persistence.SQLite.csproj", "{59246CE1-319E-42B9-BEFA-9BCA760E3624}"
EndProject
Project("{FAE04EC0-301F-11D3-BF4B-00C04F79EFBC}") = "maERP.Server.UI", "src\maERP.Server.UI\maERP.Server.UI.csproj", "{36AB7006-63BC-4BDF-93A3-2ECB0DA66A36}"
EndProject
Global
	GlobalSection(SolutionConfigurationPlatforms) = preSolution
		Debug|Any CPU = Debug|Any CPU
		Debug|x64 = Debug|x64
		GPU|Any CPU = GPU|Any CPU
		GPU|x64 = GPU|x64
		Release|Any CPU = Release|Any CPU
		Release|x64 = Release|x64
	EndGlobalSection
	GlobalSection(ProjectConfigurationPlatforms) = postSolution
		{81DDED9D-158B-E303-5F62-77A2896D2A5A}.Debug|Any CPU.ActiveCfg = Debug|Any CPU
		{81DDED9D-158B-E303-5F62-77A2896D2A5A}.Debug|Any CPU.Build.0 = Debug|Any CPU
		{81DDED9D-158B-E303-5F62-77A2896D2A5A}.Debug|x64.ActiveCfg = Debug|Any CPU
		{81DDED9D-158B-E303-5F62-77A2896D2A5A}.Debug|x64.Build.0 = Debug|Any CPU
		{81DDED9D-158B-E303-5F62-77A2896D2A5A}.GPU|Any CPU.ActiveCfg = Release|Any CPU
		{81DDED9D-158B-E303-5F62-77A2896D2A5A}.GPU|Any CPU.Build.0 = Release|Any CPU
		{81DDED9D-158B-E303-5F62-77A2896D2A5A}.GPU|x64.ActiveCfg = Release|Any CPU
		{81DDED9D-158B-E303-5F62-77A2896D2A5A}.GPU|x64.Build.0 = Release|Any CPU
		{81DDED9D-158B-E303-5F62-77A2896D2A5A}.Release|Any CPU.ActiveCfg = Release|Any CPU
		{81DDED9D-158B-E303-5F62-77A2896D2A5A}.Release|Any CPU.Build.0 = Release|Any CPU
		{81DDED9D-158B-E303-5F62-77A2896D2A5A}.Release|x64.ActiveCfg = Release|Any CPU
		{81DDED9D-158B-E303-5F62-77A2896D2A5A}.Release|x64.Build.0 = Release|Any CPU
		{745AF1F6-21FE-F862-0371-734478FD30C5}.Debug|Any CPU.ActiveCfg = Debug|Any CPU
		{745AF1F6-21FE-F862-0371-734478FD30C5}.Debug|Any CPU.Build.0 = Debug|Any CPU
		{745AF1F6-21FE-F862-0371-734478FD30C5}.Debug|x64.ActiveCfg = Debug|Any CPU
		{745AF1F6-21FE-F862-0371-734478FD30C5}.Debug|x64.Build.0 = Debug|Any CPU
		{745AF1F6-21FE-F862-0371-734478FD30C5}.GPU|Any CPU.ActiveCfg = Release|Any CPU
		{745AF1F6-21FE-F862-0371-734478FD30C5}.GPU|Any CPU.Build.0 = Release|Any CPU
		{745AF1F6-21FE-F862-0371-734478FD30C5}.GPU|x64.ActiveCfg = Release|Any CPU
		{745AF1F6-21FE-F862-0371-734478FD30C5}.GPU|x64.Build.0 = Release|Any CPU
		{745AF1F6-21FE-F862-0371-734478FD30C5}.Release|Any CPU.ActiveCfg = Release|Any CPU
		{745AF1F6-21FE-F862-0371-734478FD30C5}.Release|Any CPU.Build.0 = Release|Any CPU
		{745AF1F6-21FE-F862-0371-734478FD30C5}.Release|x64.ActiveCfg = Release|Any CPU
		{745AF1F6-21FE-F862-0371-734478FD30C5}.Release|x64.Build.0 = Release|Any CPU
		{84870EA9-4E3F-0006-F0CB-6B5032B15CBE}.Debug|Any CPU.ActiveCfg = Debug|Any CPU
		{84870EA9-4E3F-0006-F0CB-6B5032B15CBE}.Debug|Any CPU.Build.0 = Debug|Any CPU
		{84870EA9-4E3F-0006-F0CB-6B5032B15CBE}.Debug|x64.ActiveCfg = Debug|Any CPU
		{84870EA9-4E3F-0006-F0CB-6B5032B15CBE}.Debug|x64.Build.0 = Debug|Any CPU
		{84870EA9-4E3F-0006-F0CB-6B5032B15CBE}.GPU|Any CPU.ActiveCfg = Release|Any CPU
		{84870EA9-4E3F-0006-F0CB-6B5032B15CBE}.GPU|Any CPU.Build.0 = Release|Any CPU
		{84870EA9-4E3F-0006-F0CB-6B5032B15CBE}.GPU|x64.ActiveCfg = Release|Any CPU
		{84870EA9-4E3F-0006-F0CB-6B5032B15CBE}.GPU|x64.Build.0 = Release|Any CPU
		{84870EA9-4E3F-0006-F0CB-6B5032B15CBE}.Release|Any CPU.ActiveCfg = Release|Any CPU
		{84870EA9-4E3F-0006-F0CB-6B5032B15CBE}.Release|Any CPU.Build.0 = Release|Any CPU
		{84870EA9-4E3F-0006-F0CB-6B5032B15CBE}.Release|x64.ActiveCfg = Release|Any CPU
		{84870EA9-4E3F-0006-F0CB-6B5032B15CBE}.Release|x64.Build.0 = Release|Any CPU
		{F312A0BC-1C16-0F2A-FC75-02CE66C65611}.Debug|Any CPU.ActiveCfg = Debug|Any CPU
		{F312A0BC-1C16-0F2A-FC75-02CE66C65611}.Debug|Any CPU.Build.0 = Debug|Any CPU
		{F312A0BC-1C16-0F2A-FC75-02CE66C65611}.Debug|x64.ActiveCfg = Debug|Any CPU
		{F312A0BC-1C16-0F2A-FC75-02CE66C65611}.Debug|x64.Build.0 = Debug|Any CPU
		{F312A0BC-1C16-0F2A-FC75-02CE66C65611}.GPU|Any CPU.ActiveCfg = Debug|Any CPU
		{F312A0BC-1C16-0F2A-FC75-02CE66C65611}.GPU|Any CPU.Build.0 = Debug|Any CPU
		{F312A0BC-1C16-0F2A-FC75-02CE66C65611}.GPU|x64.ActiveCfg = Debug|Any CPU
		{F312A0BC-1C16-0F2A-FC75-02CE66C65611}.GPU|x64.Build.0 = Debug|Any CPU
		{F312A0BC-1C16-0F2A-FC75-02CE66C65611}.Release|Any CPU.ActiveCfg = Release|Any CPU
		{F312A0BC-1C16-0F2A-FC75-02CE66C65611}.Release|Any CPU.Build.0 = Release|Any CPU
		{F312A0BC-1C16-0F2A-FC75-02CE66C65611}.Release|x64.ActiveCfg = Release|Any CPU
		{F312A0BC-1C16-0F2A-FC75-02CE66C65611}.Release|x64.Build.0 = Release|Any CPU
		{58601BC6-3EE8-B14E-78BE-516413E5E112}.Debug|Any CPU.ActiveCfg = Debug|Any CPU
		{58601BC6-3EE8-B14E-78BE-516413E5E112}.Debug|Any CPU.Build.0 = Debug|Any CPU
		{58601BC6-3EE8-B14E-78BE-516413E5E112}.Debug|x64.ActiveCfg = Debug|Any CPU
		{58601BC6-3EE8-B14E-78BE-516413E5E112}.Debug|x64.Build.0 = Debug|Any CPU
		{58601BC6-3EE8-B14E-78BE-516413E5E112}.GPU|Any CPU.ActiveCfg = Debug|Any CPU
		{58601BC6-3EE8-B14E-78BE-516413E5E112}.GPU|Any CPU.Build.0 = Debug|Any CPU
		{58601BC6-3EE8-B14E-78BE-516413E5E112}.GPU|x64.ActiveCfg = Debug|Any CPU
		{58601BC6-3EE8-B14E-78BE-516413E5E112}.GPU|x64.Build.0 = Debug|Any CPU
		{58601BC6-3EE8-B14E-78BE-516413E5E112}.Release|Any CPU.ActiveCfg = Release|Any CPU
		{58601BC6-3EE8-B14E-78BE-516413E5E112}.Release|Any CPU.Build.0 = Release|Any CPU
		{58601BC6-3EE8-B14E-78BE-516413E5E112}.Release|x64.ActiveCfg = Release|Any CPU
		{58601BC6-3EE8-B14E-78BE-516413E5E112}.Release|x64.Build.0 = Release|Any CPU
		{583148E9-9096-8E22-CF8A-5D619FB04184}.Debug|Any CPU.ActiveCfg = Debug|Any CPU
		{583148E9-9096-8E22-CF8A-5D619FB04184}.Debug|Any CPU.Build.0 = Debug|Any CPU
		{583148E9-9096-8E22-CF8A-5D619FB04184}.Debug|x64.ActiveCfg = Debug|Any CPU
		{583148E9-9096-8E22-CF8A-5D619FB04184}.Debug|x64.Build.0 = Debug|Any CPU
		{583148E9-9096-8E22-CF8A-5D619FB04184}.GPU|Any CPU.ActiveCfg = Debug|Any CPU
		{583148E9-9096-8E22-CF8A-5D619FB04184}.GPU|Any CPU.Build.0 = Debug|Any CPU
		{583148E9-9096-8E22-CF8A-5D619FB04184}.GPU|x64.ActiveCfg = Debug|Any CPU
		{583148E9-9096-8E22-CF8A-5D619FB04184}.GPU|x64.Build.0 = Debug|Any CPU
		{583148E9-9096-8E22-CF8A-5D619FB04184}.Release|Any CPU.ActiveCfg = Release|Any CPU
		{583148E9-9096-8E22-CF8A-5D619FB04184}.Release|Any CPU.Build.0 = Release|Any CPU
		{583148E9-9096-8E22-CF8A-5D619FB04184}.Release|x64.ActiveCfg = Release|Any CPU
		{583148E9-9096-8E22-CF8A-5D619FB04184}.Release|x64.Build.0 = Release|Any CPU
		{3EC2A43E-C571-531A-BFBB-EA1E9CD23B96}.Debug|Any CPU.ActiveCfg = Debug|Any CPU
		{3EC2A43E-C571-531A-BFBB-EA1E9CD23B96}.Debug|Any CPU.Build.0 = Debug|Any CPU
		{3EC2A43E-C571-531A-BFBB-EA1E9CD23B96}.Debug|x64.ActiveCfg = Debug|Any CPU
		{3EC2A43E-C571-531A-BFBB-EA1E9CD23B96}.Debug|x64.Build.0 = Debug|Any CPU
		{3EC2A43E-C571-531A-BFBB-EA1E9CD23B96}.GPU|Any CPU.ActiveCfg = Debug|Any CPU
		{3EC2A43E-C571-531A-BFBB-EA1E9CD23B96}.GPU|Any CPU.Build.0 = Debug|Any CPU
		{3EC2A43E-C571-531A-BFBB-EA1E9CD23B96}.GPU|x64.ActiveCfg = Debug|Any CPU
		{3EC2A43E-C571-531A-BFBB-EA1E9CD23B96}.GPU|x64.Build.0 = Debug|Any CPU
		{3EC2A43E-C571-531A-BFBB-EA1E9CD23B96}.Release|Any CPU.ActiveCfg = Release|Any CPU
		{3EC2A43E-C571-531A-BFBB-EA1E9CD23B96}.Release|Any CPU.Build.0 = Release|Any CPU
		{3EC2A43E-C571-531A-BFBB-EA1E9CD23B96}.Release|x64.ActiveCfg = Release|Any CPU
		{3EC2A43E-C571-531A-BFBB-EA1E9CD23B96}.Release|x64.Build.0 = Release|Any CPU
		{B5B9AD09-1FCA-E975-F054-577FDD16A5E3}.Debug|Any CPU.ActiveCfg = Debug|Any CPU
		{B5B9AD09-1FCA-E975-F054-577FDD16A5E3}.Debug|Any CPU.Build.0 = Debug|Any CPU
		{B5B9AD09-1FCA-E975-F054-577FDD16A5E3}.Debug|x64.ActiveCfg = Debug|Any CPU
		{B5B9AD09-1FCA-E975-F054-577FDD16A5E3}.Debug|x64.Build.0 = Debug|Any CPU
		{B5B9AD09-1FCA-E975-F054-577FDD16A5E3}.GPU|Any CPU.ActiveCfg = Debug|Any CPU
		{B5B9AD09-1FCA-E975-F054-577FDD16A5E3}.GPU|Any CPU.Build.0 = Debug|Any CPU
		{B5B9AD09-1FCA-E975-F054-577FDD16A5E3}.GPU|x64.ActiveCfg = Debug|Any CPU
		{B5B9AD09-1FCA-E975-F054-577FDD16A5E3}.GPU|x64.Build.0 = Debug|Any CPU
		{B5B9AD09-1FCA-E975-F054-577FDD16A5E3}.Release|Any CPU.ActiveCfg = Release|Any CPU
		{B5B9AD09-1FCA-E975-F054-577FDD16A5E3}.Release|Any CPU.Build.0 = Release|Any CPU
		{B5B9AD09-1FCA-E975-F054-577FDD16A5E3}.Release|x64.ActiveCfg = Release|Any CPU
		{B5B9AD09-1FCA-E975-F054-577FDD16A5E3}.Release|x64.Build.0 = Release|Any CPU
		{7018DBD8-6C1B-3293-B0EA-651A931091ED}.Debug|Any CPU.ActiveCfg = Debug|Any CPU
		{7018DBD8-6C1B-3293-B0EA-651A931091ED}.Debug|Any CPU.Build.0 = Debug|Any CPU
		{7018DBD8-6C1B-3293-B0EA-651A931091ED}.Debug|x64.ActiveCfg = Debug|Any CPU
		{7018DBD8-6C1B-3293-B0EA-651A931091ED}.Debug|x64.Build.0 = Debug|Any CPU
		{7018DBD8-6C1B-3293-B0EA-651A931091ED}.GPU|Any CPU.ActiveCfg = Debug|Any CPU
		{7018DBD8-6C1B-3293-B0EA-651A931091ED}.GPU|Any CPU.Build.0 = Debug|Any CPU
		{7018DBD8-6C1B-3293-B0EA-651A931091ED}.GPU|x64.ActiveCfg = Debug|Any CPU
		{7018DBD8-6C1B-3293-B0EA-651A931091ED}.GPU|x64.Build.0 = Debug|Any CPU
		{7018DBD8-6C1B-3293-B0EA-651A931091ED}.Release|Any CPU.ActiveCfg = Release|Any CPU
		{7018DBD8-6C1B-3293-B0EA-651A931091ED}.Release|Any CPU.Build.0 = Release|Any CPU
		{7018DBD8-6C1B-3293-B0EA-651A931091ED}.Release|x64.ActiveCfg = Release|Any CPU
		{7018DBD8-6C1B-3293-B0EA-651A931091ED}.Release|x64.Build.0 = Release|Any CPU
		{E2EE3F55-D7C0-3163-CF67-0FE883583055}.Debug|Any CPU.ActiveCfg = Debug|Any CPU
		{E2EE3F55-D7C0-3163-CF67-0FE883583055}.Debug|Any CPU.Build.0 = Debug|Any CPU
		{E2EE3F55-D7C0-3163-CF67-0FE883583055}.Debug|x64.ActiveCfg = Debug|Any CPU
		{E2EE3F55-D7C0-3163-CF67-0FE883583055}.Debug|x64.Build.0 = Debug|Any CPU
		{E2EE3F55-D7C0-3163-CF67-0FE883583055}.GPU|Any CPU.ActiveCfg = Debug|Any CPU
		{E2EE3F55-D7C0-3163-CF67-0FE883583055}.GPU|Any CPU.Build.0 = Debug|Any CPU
		{E2EE3F55-D7C0-3163-CF67-0FE883583055}.GPU|x64.ActiveCfg = Debug|Any CPU
		{E2EE3F55-D7C0-3163-CF67-0FE883583055}.GPU|x64.Build.0 = Debug|Any CPU
		{E2EE3F55-D7C0-3163-CF67-0FE883583055}.Release|Any CPU.ActiveCfg = Release|Any CPU
		{E2EE3F55-D7C0-3163-CF67-0FE883583055}.Release|Any CPU.Build.0 = Release|Any CPU
		{E2EE3F55-D7C0-3163-CF67-0FE883583055}.Release|x64.ActiveCfg = Release|Any CPU
		{E2EE3F55-D7C0-3163-CF67-0FE883583055}.Release|x64.Build.0 = Release|Any CPU
		{485B4183-1D6B-270A-CD5B-6E8F785563C1}.Debug|Any CPU.ActiveCfg = Debug|Any CPU
		{485B4183-1D6B-270A-CD5B-6E8F785563C1}.Debug|Any CPU.Build.0 = Debug|Any CPU
		{485B4183-1D6B-270A-CD5B-6E8F785563C1}.Debug|x64.ActiveCfg = Debug|Any CPU
		{485B4183-1D6B-270A-CD5B-6E8F785563C1}.Debug|x64.Build.0 = Debug|Any CPU
		{485B4183-1D6B-270A-CD5B-6E8F785563C1}.GPU|Any CPU.ActiveCfg = Debug|Any CPU
		{485B4183-1D6B-270A-CD5B-6E8F785563C1}.GPU|Any CPU.Build.0 = Debug|Any CPU
		{485B4183-1D6B-270A-CD5B-6E8F785563C1}.GPU|x64.ActiveCfg = Debug|Any CPU
		{485B4183-1D6B-270A-CD5B-6E8F785563C1}.GPU|x64.Build.0 = Debug|Any CPU
		{485B4183-1D6B-270A-CD5B-6E8F785563C1}.Release|Any CPU.ActiveCfg = Release|Any CPU
		{485B4183-1D6B-270A-CD5B-6E8F785563C1}.Release|Any CPU.Build.0 = Release|Any CPU
		{485B4183-1D6B-270A-CD5B-6E8F785563C1}.Release|x64.ActiveCfg = Release|Any CPU
		{485B4183-1D6B-270A-CD5B-6E8F785563C1}.Release|x64.Build.0 = Release|Any CPU
		{2FDD1F77-7780-20C1-E120-16AB36F09EFB}.Debug|Any CPU.ActiveCfg = Debug|Any CPU
		{2FDD1F77-7780-20C1-E120-16AB36F09EFB}.Debug|Any CPU.Build.0 = Debug|Any CPU
		{2FDD1F77-7780-20C1-E120-16AB36F09EFB}.Debug|x64.ActiveCfg = Debug|x64
		{2FDD1F77-7780-20C1-E120-16AB36F09EFB}.Debug|x64.Build.0 = Debug|x64
		{2FDD1F77-7780-20C1-E120-16AB36F09EFB}.GPU|Any CPU.ActiveCfg = Release|Any CPU
		{2FDD1F77-7780-20C1-E120-16AB36F09EFB}.GPU|Any CPU.Build.0 = Release|Any CPU
		{2FDD1F77-7780-20C1-E120-16AB36F09EFB}.GPU|x64.ActiveCfg = Debug|x64
		{2FDD1F77-7780-20C1-E120-16AB36F09EFB}.GPU|x64.Build.0 = Debug|x64
		{2FDD1F77-7780-20C1-E120-16AB36F09EFB}.Release|Any CPU.ActiveCfg = Release|Any CPU
		{2FDD1F77-7780-20C1-E120-16AB36F09EFB}.Release|Any CPU.Build.0 = Release|Any CPU
		{2FDD1F77-7780-20C1-E120-16AB36F09EFB}.Release|x64.ActiveCfg = Release|x64
		{2FDD1F77-7780-20C1-E120-16AB36F09EFB}.Release|x64.Build.0 = Release|x64
		{1677B565-AB23-3CA1-B1D1-D5945C6D0E6F}.Debug|Any CPU.ActiveCfg = Debug|Any CPU
		{1677B565-AB23-3CA1-B1D1-D5945C6D0E6F}.Debug|Any CPU.Build.0 = Debug|Any CPU
		{1677B565-AB23-3CA1-B1D1-D5945C6D0E6F}.Debug|x64.ActiveCfg = Debug|Any CPU
		{1677B565-AB23-3CA1-B1D1-D5945C6D0E6F}.Debug|x64.Build.0 = Debug|Any CPU
		{1677B565-AB23-3CA1-B1D1-D5945C6D0E6F}.GPU|Any CPU.ActiveCfg = Debug|Any CPU
		{1677B565-AB23-3CA1-B1D1-D5945C6D0E6F}.GPU|Any CPU.Build.0 = Debug|Any CPU
		{1677B565-AB23-3CA1-B1D1-D5945C6D0E6F}.GPU|x64.ActiveCfg = Debug|Any CPU
		{1677B565-AB23-3CA1-B1D1-D5945C6D0E6F}.GPU|x64.Build.0 = Debug|Any CPU
		{1677B565-AB23-3CA1-B1D1-D5945C6D0E6F}.Release|Any CPU.ActiveCfg = Release|Any CPU
		{1677B565-AB23-3CA1-B1D1-D5945C6D0E6F}.Release|Any CPU.Build.0 = Release|Any CPU
		{1677B565-AB23-3CA1-B1D1-D5945C6D0E6F}.Release|x64.ActiveCfg = Release|Any CPU
		{1677B565-AB23-3CA1-B1D1-D5945C6D0E6F}.Release|x64.Build.0 = Release|Any CPU
		{6087FED5-0FFB-679C-5E44-28B4AEE581E8}.Debug|Any CPU.ActiveCfg = Debug|Any CPU
		{6087FED5-0FFB-679C-5E44-28B4AEE581E8}.Debug|Any CPU.Build.0 = Debug|Any CPU
		{6087FED5-0FFB-679C-5E44-28B4AEE581E8}.Debug|x64.ActiveCfg = Debug|Any CPU
		{6087FED5-0FFB-679C-5E44-28B4AEE581E8}.Debug|x64.Build.0 = Debug|Any CPU
		{6087FED5-0FFB-679C-5E44-28B4AEE581E8}.GPU|Any CPU.ActiveCfg = Release|Any CPU
		{6087FED5-0FFB-679C-5E44-28B4AEE581E8}.GPU|Any CPU.Build.0 = Release|Any CPU
		{6087FED5-0FFB-679C-5E44-28B4AEE581E8}.GPU|x64.ActiveCfg = Release|Any CPU
		{6087FED5-0FFB-679C-5E44-28B4AEE581E8}.GPU|x64.Build.0 = Release|Any CPU
		{6087FED5-0FFB-679C-5E44-28B4AEE581E8}.Release|Any CPU.ActiveCfg = Release|Any CPU
		{6087FED5-0FFB-679C-5E44-28B4AEE581E8}.Release|Any CPU.Build.0 = Release|Any CPU
		{6087FED5-0FFB-679C-5E44-28B4AEE581E8}.Release|x64.ActiveCfg = Release|Any CPU
		{6087FED5-0FFB-679C-5E44-28B4AEE581E8}.Release|x64.Build.0 = Release|Any CPU
		{D4238594-C239-9083-9F5C-F2072E28F660}.Debug|Any CPU.ActiveCfg = Debug|Any CPU
		{D4238594-C239-9083-9F5C-F2072E28F660}.Debug|Any CPU.Build.0 = Debug|Any CPU
		{D4238594-C239-9083-9F5C-F2072E28F660}.Debug|x64.ActiveCfg = Debug|Any CPU
		{D4238594-C239-9083-9F5C-F2072E28F660}.Debug|x64.Build.0 = Debug|Any CPU
		{D4238594-C239-9083-9F5C-F2072E28F660}.GPU|Any CPU.ActiveCfg = Debug|Any CPU
		{D4238594-C239-9083-9F5C-F2072E28F660}.GPU|Any CPU.Build.0 = Debug|Any CPU
		{D4238594-C239-9083-9F5C-F2072E28F660}.GPU|x64.ActiveCfg = Debug|Any CPU
		{D4238594-C239-9083-9F5C-F2072E28F660}.GPU|x64.Build.0 = Debug|Any CPU
		{D4238594-C239-9083-9F5C-F2072E28F660}.Release|Any CPU.ActiveCfg = Release|Any CPU
		{D4238594-C239-9083-9F5C-F2072E28F660}.Release|Any CPU.Build.0 = Release|Any CPU
		{D4238594-C239-9083-9F5C-F2072E28F660}.Release|x64.ActiveCfg = Release|Any CPU
		{D4238594-C239-9083-9F5C-F2072E28F660}.Release|x64.Build.0 = Release|Any CPU
		{D4926C68-1240-42F0-03D5-2C9706320098}.Debug|Any CPU.ActiveCfg = Debug|Any CPU
		{D4926C68-1240-42F0-03D5-2C9706320098}.Debug|Any CPU.Build.0 = Debug|Any CPU
		{D4926C68-1240-42F0-03D5-2C9706320098}.Debug|x64.ActiveCfg = Debug|Any CPU
		{D4926C68-1240-42F0-03D5-2C9706320098}.Debug|x64.Build.0 = Debug|Any CPU
		{D4926C68-1240-42F0-03D5-2C9706320098}.GPU|Any CPU.ActiveCfg = Debug|Any CPU
		{D4926C68-1240-42F0-03D5-2C9706320098}.GPU|Any CPU.Build.0 = Debug|Any CPU
		{D4926C68-1240-42F0-03D5-2C9706320098}.GPU|x64.ActiveCfg = Debug|Any CPU
		{D4926C68-1240-42F0-03D5-2C9706320098}.GPU|x64.Build.0 = Debug|Any CPU
		{D4926C68-1240-42F0-03D5-2C9706320098}.Release|Any CPU.ActiveCfg = Release|Any CPU
		{D4926C68-1240-42F0-03D5-2C9706320098}.Release|Any CPU.Build.0 = Release|Any CPU
		{D4926C68-1240-42F0-03D5-2C9706320098}.Release|x64.ActiveCfg = Release|Any CPU
		{D4926C68-1240-42F0-03D5-2C9706320098}.Release|x64.Build.0 = Release|Any CPU
		{EA9A58FC-3E32-1F6A-CD59-35E454A6D639}.Debug|Any CPU.ActiveCfg = Debug|Any CPU
		{EA9A58FC-3E32-1F6A-CD59-35E454A6D639}.Debug|Any CPU.Build.0 = Debug|Any CPU
		{EA9A58FC-3E32-1F6A-CD59-35E454A6D639}.Debug|Any CPU.Deploy.0 = Debug|Any CPU
		{EA9A58FC-3E32-1F6A-CD59-35E454A6D639}.Debug|x64.ActiveCfg = Debug|Any CPU
		{EA9A58FC-3E32-1F6A-CD59-35E454A6D639}.Debug|x64.Build.0 = Debug|Any CPU
		{EA9A58FC-3E32-1F6A-CD59-35E454A6D639}.Debug|x64.Deploy.0 = Debug|Any CPU
		{EA9A58FC-3E32-1F6A-CD59-35E454A6D639}.GPU|Any CPU.ActiveCfg = Debug|Any CPU
		{EA9A58FC-3E32-1F6A-CD59-35E454A6D639}.GPU|Any CPU.Build.0 = Debug|Any CPU
		{EA9A58FC-3E32-1F6A-CD59-35E454A6D639}.GPU|Any CPU.Deploy.0 = Debug|Any CPU
		{EA9A58FC-3E32-1F6A-CD59-35E454A6D639}.GPU|x64.ActiveCfg = Debug|Any CPU
		{EA9A58FC-3E32-1F6A-CD59-35E454A6D639}.GPU|x64.Build.0 = Debug|Any CPU
		{EA9A58FC-3E32-1F6A-CD59-35E454A6D639}.GPU|x64.Deploy.0 = Debug|Any CPU
		{EA9A58FC-3E32-1F6A-CD59-35E454A6D639}.Release|Any CPU.ActiveCfg = Release|Any CPU
		{EA9A58FC-3E32-1F6A-CD59-35E454A6D639}.Release|Any CPU.Build.0 = Release|Any CPU
		{EA9A58FC-3E32-1F6A-CD59-35E454A6D639}.Release|Any CPU.Deploy.0 = Release|Any CPU
		{EA9A58FC-3E32-1F6A-CD59-35E454A6D639}.Release|x64.ActiveCfg = Release|Any CPU
		{EA9A58FC-3E32-1F6A-CD59-35E454A6D639}.Release|x64.Build.0 = Release|Any CPU
		{EA9A58FC-3E32-1F6A-CD59-35E454A6D639}.Release|x64.Deploy.0 = Release|Any CPU
		{3CFA7FB8-F268-4625-C86C-4EE44A9A0D93}.Debug|Any CPU.ActiveCfg = Debug|Any CPU
		{3CFA7FB8-F268-4625-C86C-4EE44A9A0D93}.Debug|Any CPU.Build.0 = Debug|Any CPU
		{3CFA7FB8-F268-4625-C86C-4EE44A9A0D93}.Debug|x64.ActiveCfg = Debug|Any CPU
		{3CFA7FB8-F268-4625-C86C-4EE44A9A0D93}.Debug|x64.Build.0 = Debug|Any CPU
		{3CFA7FB8-F268-4625-C86C-4EE44A9A0D93}.GPU|Any CPU.ActiveCfg = Debug|Any CPU
		{3CFA7FB8-F268-4625-C86C-4EE44A9A0D93}.GPU|Any CPU.Build.0 = Debug|Any CPU
		{3CFA7FB8-F268-4625-C86C-4EE44A9A0D93}.GPU|x64.ActiveCfg = Debug|Any CPU
		{3CFA7FB8-F268-4625-C86C-4EE44A9A0D93}.GPU|x64.Build.0 = Debug|Any CPU
		{3CFA7FB8-F268-4625-C86C-4EE44A9A0D93}.Release|Any CPU.ActiveCfg = Release|Any CPU
		{3CFA7FB8-F268-4625-C86C-4EE44A9A0D93}.Release|Any CPU.Build.0 = Release|Any CPU
		{3CFA7FB8-F268-4625-C86C-4EE44A9A0D93}.Release|x64.ActiveCfg = Release|Any CPU
		{3CFA7FB8-F268-4625-C86C-4EE44A9A0D93}.Release|x64.Build.0 = Release|Any CPU
		{CE3FFF28-395A-3863-64A1-8579D669A916}.Debug|Any CPU.ActiveCfg = Debug|Any CPU
		{CE3FFF28-395A-3863-64A1-8579D669A916}.Debug|Any CPU.Build.0 = Debug|Any CPU
		{CE3FFF28-395A-3863-64A1-8579D669A916}.Debug|x64.ActiveCfg = Debug|Any CPU
		{CE3FFF28-395A-3863-64A1-8579D669A916}.Debug|x64.Build.0 = Debug|Any CPU
		{CE3FFF28-395A-3863-64A1-8579D669A916}.GPU|Any CPU.ActiveCfg = Debug|Any CPU
		{CE3FFF28-395A-3863-64A1-8579D669A916}.GPU|Any CPU.Build.0 = Debug|Any CPU
		{CE3FFF28-395A-3863-64A1-8579D669A916}.GPU|x64.ActiveCfg = Debug|Any CPU
		{CE3FFF28-395A-3863-64A1-8579D669A916}.GPU|x64.Build.0 = Debug|Any CPU
		{CE3FFF28-395A-3863-64A1-8579D669A916}.Release|Any CPU.ActiveCfg = Release|Any CPU
		{CE3FFF28-395A-3863-64A1-8579D669A916}.Release|Any CPU.Build.0 = Release|Any CPU
		{CE3FFF28-395A-3863-64A1-8579D669A916}.Release|x64.ActiveCfg = Release|Any CPU
		{CE3FFF28-395A-3863-64A1-8579D669A916}.Release|x64.Build.0 = Release|Any CPU
		{B9484E85-8778-BE46-593C-5AD9A706B0C3}.Debug|Any CPU.ActiveCfg = Debug|Any CPU
		{B9484E85-8778-BE46-593C-5AD9A706B0C3}.Debug|Any CPU.Build.0 = Debug|Any CPU
		{B9484E85-8778-BE46-593C-5AD9A706B0C3}.Debug|Any CPU.Deploy.0 = Debug|Any CPU
		{B9484E85-8778-BE46-593C-5AD9A706B0C3}.Debug|x64.ActiveCfg = Debug|Any CPU
		{B9484E85-8778-BE46-593C-5AD9A706B0C3}.Debug|x64.Build.0 = Debug|Any CPU
		{B9484E85-8778-BE46-593C-5AD9A706B0C3}.Debug|x64.Deploy.0 = Debug|Any CPU
		{B9484E85-8778-BE46-593C-5AD9A706B0C3}.GPU|Any CPU.ActiveCfg = Debug|Any CPU
		{B9484E85-8778-BE46-593C-5AD9A706B0C3}.GPU|Any CPU.Build.0 = Debug|Any CPU
		{B9484E85-8778-BE46-593C-5AD9A706B0C3}.GPU|Any CPU.Deploy.0 = Debug|Any CPU
		{B9484E85-8778-BE46-593C-5AD9A706B0C3}.GPU|x64.ActiveCfg = Debug|Any CPU
		{B9484E85-8778-BE46-593C-5AD9A706B0C3}.GPU|x64.Build.0 = Debug|Any CPU
		{B9484E85-8778-BE46-593C-5AD9A706B0C3}.GPU|x64.Deploy.0 = Debug|Any CPU
		{B9484E85-8778-BE46-593C-5AD9A706B0C3}.Release|Any CPU.ActiveCfg = Release|Any CPU
		{B9484E85-8778-BE46-593C-5AD9A706B0C3}.Release|Any CPU.Build.0 = Release|Any CPU
		{B9484E85-8778-BE46-593C-5AD9A706B0C3}.Release|Any CPU.Deploy.0 = Release|Any CPU
		{B9484E85-8778-BE46-593C-5AD9A706B0C3}.Release|x64.ActiveCfg = Release|Any CPU
		{B9484E85-8778-BE46-593C-5AD9A706B0C3}.Release|x64.Build.0 = Release|Any CPU
		{B9484E85-8778-BE46-593C-5AD9A706B0C3}.Release|x64.Deploy.0 = Release|Any CPU
		{59246CE1-319E-42B9-BEFA-9BCA760E3624}.Debug|Any CPU.ActiveCfg = Debug|Any CPU
		{59246CE1-319E-42B9-BEFA-9BCA760E3624}.Debug|Any CPU.Build.0 = Debug|Any CPU
		{59246CE1-319E-42B9-BEFA-9BCA760E3624}.Debug|x64.ActiveCfg = Debug|Any CPU
		{59246CE1-319E-42B9-BEFA-9BCA760E3624}.Debug|x64.Build.0 = Debug|Any CPU
		{59246CE1-319E-42B9-BEFA-9BCA760E3624}.GPU|Any CPU.ActiveCfg = Debug|Any CPU
		{59246CE1-319E-42B9-BEFA-9BCA760E3624}.GPU|Any CPU.Build.0 = Debug|Any CPU
		{59246CE1-319E-42B9-BEFA-9BCA760E3624}.GPU|x64.ActiveCfg = Debug|Any CPU
		{59246CE1-319E-42B9-BEFA-9BCA760E3624}.GPU|x64.Build.0 = Debug|Any CPU
		{59246CE1-319E-42B9-BEFA-9BCA760E3624}.Release|Any CPU.ActiveCfg = Release|Any CPU
		{59246CE1-319E-42B9-BEFA-9BCA760E3624}.Release|Any CPU.Build.0 = Release|Any CPU
		{59246CE1-319E-42B9-BEFA-9BCA760E3624}.Release|x64.ActiveCfg = Release|Any CPU
		{59246CE1-319E-42B9-BEFA-9BCA760E3624}.Release|x64.Build.0 = Release|Any CPU
		{36AB7006-63BC-4BDF-93A3-2ECB0DA66A36}.Debug|Any CPU.ActiveCfg = Debug|Any CPU
		{36AB7006-63BC-4BDF-93A3-2ECB0DA66A36}.Debug|Any CPU.Build.0 = Debug|Any CPU
		{36AB7006-63BC-4BDF-93A3-2ECB0DA66A36}.Debug|x64.ActiveCfg = Debug|Any CPU
		{36AB7006-63BC-4BDF-93A3-2ECB0DA66A36}.Debug|x64.Build.0 = Debug|Any CPU
		{36AB7006-63BC-4BDF-93A3-2ECB0DA66A36}.GPU|Any CPU.ActiveCfg = Debug|Any CPU
		{36AB7006-63BC-4BDF-93A3-2ECB0DA66A36}.GPU|Any CPU.Build.0 = Debug|Any CPU
		{36AB7006-63BC-4BDF-93A3-2ECB0DA66A36}.GPU|x64.ActiveCfg = Debug|Any CPU
		{36AB7006-63BC-4BDF-93A3-2ECB0DA66A36}.GPU|x64.Build.0 = Debug|Any CPU
		{36AB7006-63BC-4BDF-93A3-2ECB0DA66A36}.Release|Any CPU.ActiveCfg = Release|Any CPU
		{36AB7006-63BC-4BDF-93A3-2ECB0DA66A36}.Release|Any CPU.Build.0 = Release|Any CPU
		{36AB7006-63BC-4BDF-93A3-2ECB0DA66A36}.Release|x64.ActiveCfg = Release|Any CPU
		{36AB7006-63BC-4BDF-93A3-2ECB0DA66A36}.Release|x64.Build.0 = Release|Any CPU
	EndGlobalSection
	GlobalSection(SolutionProperties) = preSolution
		HideSolutionNode = FALSE
	EndGlobalSection
	GlobalSection(NestedProjects) = preSolution
		{8D626EA8-CB54-BC41-363A-217881BEBA6E} = {827E0CD3-B72D-47B6-A68D-7590B98EB39B}
		{745AF1F6-21FE-F862-0371-734478FD30C5} = {8D626EA8-CB54-BC41-363A-217881BEBA6E}
		{84870EA9-4E3F-0006-F0CB-6B5032B15CBE} = {8D626EA8-CB54-BC41-363A-217881BEBA6E}
		{9048EB7F-3875-A59E-E36B-5BD4C6F2A282} = {827E0CD3-B72D-47B6-A68D-7590B98EB39B}
		{F312A0BC-1C16-0F2A-FC75-02CE66C65611} = {9048EB7F-3875-A59E-E36B-5BD4C6F2A282}
		{58601BC6-3EE8-B14E-78BE-516413E5E112} = {9048EB7F-3875-A59E-E36B-5BD4C6F2A282}
		{583148E9-9096-8E22-CF8A-5D619FB04184} = {9048EB7F-3875-A59E-E36B-5BD4C6F2A282}
		{3EC2A43E-C571-531A-BFBB-EA1E9CD23B96} = {9048EB7F-3875-A59E-E36B-5BD4C6F2A282}
		{B5B9AD09-1FCA-E975-F054-577FDD16A5E3} = {9048EB7F-3875-A59E-E36B-5BD4C6F2A282}
		{7018DBD8-6C1B-3293-B0EA-651A931091ED} = {9048EB7F-3875-A59E-E36B-5BD4C6F2A282}
		{E2EE3F55-D7C0-3163-CF67-0FE883583055} = {9048EB7F-3875-A59E-E36B-5BD4C6F2A282}
		{485B4183-1D6B-270A-CD5B-6E8F785563C1} = {9048EB7F-3875-A59E-E36B-5BD4C6F2A282}
		{E6B48023-E680-40DA-9E17-319585C26937} = {827E0CD3-B72D-47B6-A68D-7590B98EB39B}
		{2FDD1F77-7780-20C1-E120-16AB36F09EFB} = {E6B48023-E680-40DA-9E17-319585C26937}
		{BBB7B94B-6E11-D9F1-7BA6-9ECA82DB22BF} = {827E0CD3-B72D-47B6-A68D-7590B98EB39B}
		{1677B565-AB23-3CA1-B1D1-D5945C6D0E6F} = {0AB3BF05-4346-4AA6-1389-037BE0695223}
		{6087FED5-0FFB-679C-5E44-28B4AEE581E8} = {0AB3BF05-4346-4AA6-1389-037BE0695223}
		{D4238594-C239-9083-9F5C-F2072E28F660} = {0AB3BF05-4346-4AA6-1389-037BE0695223}
		{D4926C68-1240-42F0-03D5-2C9706320098} = {BBB7B94B-6E11-D9F1-7BA6-9ECA82DB22BF}
		{EA9A58FC-3E32-1F6A-CD59-35E454A6D639} = {BBB7B94B-6E11-D9F1-7BA6-9ECA82DB22BF}
		{3CFA7FB8-F268-4625-C86C-4EE44A9A0D93} = {BBB7B94B-6E11-D9F1-7BA6-9ECA82DB22BF}
		{CE3FFF28-395A-3863-64A1-8579D669A916} = {BBB7B94B-6E11-D9F1-7BA6-9ECA82DB22BF}
		{B9484E85-8778-BE46-593C-5AD9A706B0C3} = {BBB7B94B-6E11-D9F1-7BA6-9ECA82DB22BF}
		{59246CE1-319E-42B9-BEFA-9BCA760E3624} = {9048EB7F-3875-A59E-E36B-5BD4C6F2A282}
		{36AB7006-63BC-4BDF-93A3-2ECB0DA66A36} = {E6B48023-E680-40DA-9E17-319585C26937}
	EndGlobalSection
	GlobalSection(ExtensibilityGlobals) = postSolution
		SolutionGuid = {5B0B1F78-2E7A-4EB7-8B06-CD689FE6AAA9}
	EndGlobalSection
	GlobalSection(MonoDevelopProperties) = preSolution
		$0.DotNetNamingPolicy = $1
		$0.TextStylePolicy = $5
		$1.DirectoryNamespaceAssociation = PrefixedHierarchical
		Policies = $0
	EndGlobalSection
EndGlobal
