Microsoft Visual Studio Solution File, Format Version 12.00
# Visual Studio Version 17
VisualStudioVersion = 17.0.31611.283
MinimumVisualStudioVersion = 10.0.40219.1
Project("{9A19103F-16F7-4668-BE54-9A1E7A4F7556}") = "maERP.Server", "maERP.Server\maERP.Server.csproj", "{979C3193-E987-4F41-ACFA-C226EF0112C0}"
EndProject
Project("{2150E333-8FDC-42A3-9474-1A3956D46DE8}") = "Projektmappenelemente", "Projektmappenelemente", "{7DD1E8A8-9F3D-41EF-95A7-B93CCB0FF8AB}"
	ProjectSection(SolutionItems) = preProject
		.github\workflows\maerp-server-publish.yml = .github\workflows\maerp-server-publish.yml
		.github\workflows\maerp-server-test.yml = .github\workflows\maerp-server-test.yml
		.github\workflows\maerp-web-publish.yml = .github\workflows\maerp-web-publish.yml
		.github\workflows\maerp-web-test.yml = .github\workflows\maerp-web-test.yml
		README.md = README.md
		SECURITY.md = SECURITY.md
	EndProjectSection
EndProject
Project("{9A19103F-16F7-4668-BE54-9A1E7A4F7556}") = "maERP.Client", "maERP.Client\maERP.Client.csproj", "{56BD2DA1-3439-4760-ADE0-177F500E23C6}"
EndProject
Project("{9A19103F-16F7-4668-BE54-9A1E7A4F7556}") = "maERP.Web", "maERP.Web\maERP.Web.csproj", "{68D1525F-B465-4B71-83DC-9767A2F7A366}"
EndProject
Project("{E53339B2-1760-4266-BCC7-CA923CBCF16C}") = "docker-compose", "docker-compose.dcproj", "{F5FFF0EE-10F3-4FE8-B173-22A9FEFD33B7}"
EndProject
Project("{9A19103F-16F7-4668-BE54-9A1E7A4F7556}") = "maERP.Server.Tests", "maERP.Server.Tests\maERP.Server.Tests.csproj", "{1295F0D8-8CBB-4C37-A863-9F9A5EA6A547}"
EndProject
Project("{2150E333-8FDC-42A3-9474-1A3956D46DE8}") = "src", "src", "{8B92A485-D6FE-4128-9141-5B700D93D637}"
EndProject
Project("{2150E333-8FDC-42A3-9474-1A3956D46DE8}") = "test", "test", "{2CF95470-D0C1-426C-AE7A-48B53B1B87DC}"
EndProject
Project("{2150E333-8FDC-42A3-9474-1A3956D46DE8}") = "Core", "Core", "{CCE39BB4-ADE2-4FF9-8EEC-C58636BF3324}"
EndProject
Project("{2150E333-8FDC-42A3-9474-1A3956D46DE8}") = "Server", "Server", "{9D9C233C-DA26-4EC0-8088-CDF1B9DC8AD1}"
EndProject
Project("{2150E333-8FDC-42A3-9474-1A3956D46DE8}") = "Infrastructure", "Infrastructure", "{A11A0D5B-739D-43D0-BFAA-EAF21B3B075D}"
EndProject
Project("{2150E333-8FDC-42A3-9474-1A3956D46DE8}") = "UI", "UI", "{8B19660F-8FE6-4C3C-81D1-7765D98D3453}"
EndProject
Project("{9A19103F-16F7-4668-BE54-9A1E7A4F7556}") = "maERP.Domain", "maERP.Domain\maERP.Domain.csproj", "{365C6253-F49E-4FA9-866F-0B8C2481E91E}"
EndProject
Project("{9A19103F-16F7-4668-BE54-9A1E7A4F7556}") = "maERP.Application", "maERP.Application\maERP.Application.csproj", "{4B5229CE-848D-43E8-A8A0-90290765C19A}"
EndProject
Project("{9A19103F-16F7-4668-BE54-9A1E7A4F7556}") = "maERP.Ai", "maERP.Ai\maERP.Ai.csproj", "{F7BFEFA0-5733-4E4D-9E7D-0A0940CDBE0F}"
EndProject
Project("{9A19103F-16F7-4668-BE54-9A1E7A4F7556}") = "maERP.Persistence", "maERP.Persistence\maERP.Persistence.csproj", "{E39C2020-9D52-4117-AF28-8A290B43436E}"
EndProject
Project("{9A19103F-16F7-4668-BE54-9A1E7A4F7556}") = "maERP.Infrastructure", "maERP.Infrastructure\maERP.Infrastructure.csproj", "{E724B9C9-4B31-4D1A-AFF5-00DBA54C471F}"
EndProject
Project("{9A19103F-16F7-4668-BE54-9A1E7A4F7556}") = "maERP.Persistence.Tests", "maERP.Persistence.Tests\maERP.Persistence.Tests.csproj", "{C0115F35-5F06-4572-9913-38D70ABEA217}"
EndProject
Project("{9A19103F-16F7-4668-BE54-9A1E7A4F7556}") = "maERP.Identity", "maERP.Identity\maERP.Identity.csproj", "{687C1EA5-8DD1-425B-9E2D-C36C5C73C15B}"
EndProject
Project("{9A19103F-16F7-4668-BE54-9A1E7A4F7556}") = "maERP.SharedUI", "maERP.SharedUI\maERP.SharedUI.csproj", "{6802E69A-EB28-4E2C-A39C-C25C0FE021A7}"
EndProject
Project("{9A19103F-16F7-4668-BE54-9A1E7A4F7556}") = "maERP.Analytics", "maERP.Analytics\maERP.Analytics.csproj", "{E6DC4327-8073-4198-B65B-EB22225D8D58}"
EndProject
Project("{9A19103F-16F7-4668-BE54-9A1E7A4F7556}") = "maERP.SalesChannels", "maERP.SalesChannels\maERP.SalesChannels.csproj", "{1A275490-09CC-475A-8CD8-898162AAA129}"
EndProject
Project("{2150E333-8FDC-42A3-9474-1A3956D46DE8}") = "Solution Items", "Solution Items", "{3E55A5B8-3007-49F6-A102-DE32D0774D11}"
	ProjectSection(SolutionItems) = preProject
		.editorconfig = .editorconfig
	EndProjectSection
EndProject
Global
	GlobalSection(SolutionConfigurationPlatforms) = preSolution
		Debug|Any CPU = Debug|Any CPU
		Debug|x64 = Debug|x64
		GPU|Any CPU = GPU|Any CPU
		GPU|x64 = GPU|x64
		Release|Any CPU = Release|Any CPU
		Release|x64 = Release|x64
	EndGlobalSection
	GlobalSection(ProjectConfigurationPlatforms) = postSolution
		{979C3193-E987-4F41-ACFA-C226EF0112C0}.Debug|Any CPU.ActiveCfg = Debug|Any CPU
		{979C3193-E987-4F41-ACFA-C226EF0112C0}.Debug|Any CPU.Build.0 = Debug|Any CPU
		{979C3193-E987-4F41-ACFA-C226EF0112C0}.Debug|x64.ActiveCfg = Debug|x64
		{979C3193-E987-4F41-ACFA-C226EF0112C0}.Debug|x64.Build.0 = Debug|x64
		{979C3193-E987-4F41-ACFA-C226EF0112C0}.GPU|Any CPU.ActiveCfg = Release|Any CPU
		{979C3193-E987-4F41-ACFA-C226EF0112C0}.GPU|Any CPU.Build.0 = Release|Any CPU
		{979C3193-E987-4F41-ACFA-C226EF0112C0}.GPU|x64.ActiveCfg = Debug|x64
		{979C3193-E987-4F41-ACFA-C226EF0112C0}.GPU|x64.Build.0 = Debug|x64
		{979C3193-E987-4F41-ACFA-C226EF0112C0}.Release|Any CPU.ActiveCfg = Release|Any CPU
		{979C3193-E987-4F41-ACFA-C226EF0112C0}.Release|Any CPU.Build.0 = Release|Any CPU
		{979C3193-E987-4F41-ACFA-C226EF0112C0}.Release|x64.ActiveCfg = Release|x64
		{979C3193-E987-4F41-ACFA-C226EF0112C0}.Release|x64.Build.0 = Release|x64
		{56BD2DA1-3439-4760-ADE0-177F500E23C6}.Debug|Any CPU.ActiveCfg = Debug|Any CPU
		{56BD2DA1-3439-4760-ADE0-177F500E23C6}.Debug|Any CPU.Build.0 = Debug|Any CPU
		{56BD2DA1-3439-4760-ADE0-177F500E23C6}.Debug|Any CPU.Deploy.0 = Debug|Any CPU
		{56BD2DA1-3439-4760-ADE0-177F500E23C6}.Debug|x64.ActiveCfg = Debug|Any CPU
		{56BD2DA1-3439-4760-ADE0-177F500E23C6}.Debug|x64.Build.0 = Debug|Any CPU
		{56BD2DA1-3439-4760-ADE0-177F500E23C6}.Debug|x64.Deploy.0 = Debug|Any CPU
		{56BD2DA1-3439-4760-ADE0-177F500E23C6}.GPU|Any CPU.ActiveCfg = Release|Any CPU
		{56BD2DA1-3439-4760-ADE0-177F500E23C6}.GPU|Any CPU.Build.0 = Release|Any CPU
		{56BD2DA1-3439-4760-ADE0-177F500E23C6}.GPU|Any CPU.Deploy.0 = Release|Any CPU
		{56BD2DA1-3439-4760-ADE0-177F500E23C6}.GPU|x64.ActiveCfg = Release|Any CPU
		{56BD2DA1-3439-4760-ADE0-177F500E23C6}.GPU|x64.Build.0 = Release|Any CPU
		{56BD2DA1-3439-4760-ADE0-177F500E23C6}.GPU|x64.Deploy.0 = Release|Any CPU
		{56BD2DA1-3439-4760-ADE0-177F500E23C6}.Release|Any CPU.ActiveCfg = Release|Any CPU
		{56BD2DA1-3439-4760-ADE0-177F500E23C6}.Release|Any CPU.Build.0 = Release|Any CPU
		{56BD2DA1-3439-4760-ADE0-177F500E23C6}.Release|Any CPU.Deploy.0 = Release|Any CPU
		{56BD2DA1-3439-4760-ADE0-177F500E23C6}.Release|x64.ActiveCfg = Release|Any CPU
		{56BD2DA1-3439-4760-ADE0-177F500E23C6}.Release|x64.Build.0 = Release|Any CPU
		{56BD2DA1-3439-4760-ADE0-177F500E23C6}.Release|x64.Deploy.0 = Release|Any CPU
		{68D1525F-B465-4B71-83DC-9767A2F7A366}.Debug|Any CPU.ActiveCfg = Debug|Any CPU
		{68D1525F-B465-4B71-83DC-9767A2F7A366}.Debug|Any CPU.Build.0 = Debug|Any CPU
		{68D1525F-B465-4B71-83DC-9767A2F7A366}.Debug|Any CPU.Deploy.0 = Debug|Any CPU
		{68D1525F-B465-4B71-83DC-9767A2F7A366}.Debug|x64.ActiveCfg = Debug|x64
		{68D1525F-B465-4B71-83DC-9767A2F7A366}.Debug|x64.Build.0 = Debug|x64
		{68D1525F-B465-4B71-83DC-9767A2F7A366}.GPU|Any CPU.ActiveCfg = GPU|Any CPU
		{68D1525F-B465-4B71-83DC-9767A2F7A366}.GPU|Any CPU.Build.0 = GPU|Any CPU
		{68D1525F-B465-4B71-83DC-9767A2F7A366}.GPU|x64.ActiveCfg = GPU|x64
		{68D1525F-B465-4B71-83DC-9767A2F7A366}.GPU|x64.Build.0 = GPU|x64
		{68D1525F-B465-4B71-83DC-9767A2F7A366}.Release|Any CPU.ActiveCfg = Release|Any CPU
		{68D1525F-B465-4B71-83DC-9767A2F7A366}.Release|Any CPU.Build.0 = Release|Any CPU
		{68D1525F-B465-4B71-83DC-9767A2F7A366}.Release|x64.ActiveCfg = Release|x64
		{68D1525F-B465-4B71-83DC-9767A2F7A366}.Release|x64.Build.0 = Release|x64
		{F5FFF0EE-10F3-4FE8-B173-22A9FEFD33B7}.Debug|Any CPU.ActiveCfg = Debug|Any CPU
		{F5FFF0EE-10F3-4FE8-B173-22A9FEFD33B7}.Debug|Any CPU.Build.0 = Debug|Any CPU
		{F5FFF0EE-10F3-4FE8-B173-22A9FEFD33B7}.Debug|x64.ActiveCfg = Debug|Any CPU
		{F5FFF0EE-10F3-4FE8-B173-22A9FEFD33B7}.Debug|x64.Build.0 = Debug|Any CPU
		{F5FFF0EE-10F3-4FE8-B173-22A9FEFD33B7}.GPU|Any CPU.ActiveCfg = Release|Any CPU
		{F5FFF0EE-10F3-4FE8-B173-22A9FEFD33B7}.GPU|Any CPU.Build.0 = Release|Any CPU
		{F5FFF0EE-10F3-4FE8-B173-22A9FEFD33B7}.GPU|x64.ActiveCfg = Release|Any CPU
		{F5FFF0EE-10F3-4FE8-B173-22A9FEFD33B7}.GPU|x64.Build.0 = Release|Any CPU
		{F5FFF0EE-10F3-4FE8-B173-22A9FEFD33B7}.Release|Any CPU.ActiveCfg = Release|Any CPU
		{F5FFF0EE-10F3-4FE8-B173-22A9FEFD33B7}.Release|Any CPU.Build.0 = Release|Any CPU
		{F5FFF0EE-10F3-4FE8-B173-22A9FEFD33B7}.Release|x64.ActiveCfg = Release|Any CPU
		{F5FFF0EE-10F3-4FE8-B173-22A9FEFD33B7}.Release|x64.Build.0 = Release|Any CPU
		{1295F0D8-8CBB-4C37-A863-9F9A5EA6A547}.Debug|Any CPU.ActiveCfg = Debug|Any CPU
		{1295F0D8-8CBB-4C37-A863-9F9A5EA6A547}.Debug|Any CPU.Build.0 = Debug|Any CPU
		{1295F0D8-8CBB-4C37-A863-9F9A5EA6A547}.Debug|x64.ActiveCfg = Debug|Any CPU
		{1295F0D8-8CBB-4C37-A863-9F9A5EA6A547}.Debug|x64.Build.0 = Debug|Any CPU
		{1295F0D8-8CBB-4C37-A863-9F9A5EA6A547}.GPU|Any CPU.ActiveCfg = Release|Any CPU
		{1295F0D8-8CBB-4C37-A863-9F9A5EA6A547}.GPU|Any CPU.Build.0 = Release|Any CPU
		{1295F0D8-8CBB-4C37-A863-9F9A5EA6A547}.GPU|x64.ActiveCfg = Release|Any CPU
		{1295F0D8-8CBB-4C37-A863-9F9A5EA6A547}.GPU|x64.Build.0 = Release|Any CPU
		{1295F0D8-8CBB-4C37-A863-9F9A5EA6A547}.Release|Any CPU.ActiveCfg = Release|Any CPU
		{1295F0D8-8CBB-4C37-A863-9F9A5EA6A547}.Release|Any CPU.Build.0 = Release|Any CPU
		{1295F0D8-8CBB-4C37-A863-9F9A5EA6A547}.Release|x64.ActiveCfg = Release|Any CPU
		{1295F0D8-8CBB-4C37-A863-9F9A5EA6A547}.Release|x64.Build.0 = Release|Any CPU
		{365C6253-F49E-4FA9-866F-0B8C2481E91E}.Debug|Any CPU.ActiveCfg = Debug|Any CPU
		{365C6253-F49E-4FA9-866F-0B8C2481E91E}.Debug|Any CPU.Build.0 = Debug|Any CPU
		{365C6253-F49E-4FA9-866F-0B8C2481E91E}.Debug|x64.ActiveCfg = Debug|Any CPU
		{365C6253-F49E-4FA9-866F-0B8C2481E91E}.Debug|x64.Build.0 = Debug|Any CPU
		{365C6253-F49E-4FA9-866F-0B8C2481E91E}.GPU|Any CPU.ActiveCfg = Release|Any CPU
		{365C6253-F49E-4FA9-866F-0B8C2481E91E}.GPU|Any CPU.Build.0 = Release|Any CPU
		{365C6253-F49E-4FA9-866F-0B8C2481E91E}.GPU|x64.ActiveCfg = Release|Any CPU
		{365C6253-F49E-4FA9-866F-0B8C2481E91E}.GPU|x64.Build.0 = Release|Any CPU
		{365C6253-F49E-4FA9-866F-0B8C2481E91E}.Release|Any CPU.ActiveCfg = Release|Any CPU
		{365C6253-F49E-4FA9-866F-0B8C2481E91E}.Release|Any CPU.Build.0 = Release|Any CPU
		{365C6253-F49E-4FA9-866F-0B8C2481E91E}.Release|x64.ActiveCfg = Release|Any CPU
		{365C6253-F49E-4FA9-866F-0B8C2481E91E}.Release|x64.Build.0 = Release|Any CPU
		{4B5229CE-848D-43E8-A8A0-90290765C19A}.Debug|Any CPU.ActiveCfg = Debug|Any CPU
		{4B5229CE-848D-43E8-A8A0-90290765C19A}.Debug|Any CPU.Build.0 = Debug|Any CPU
		{4B5229CE-848D-43E8-A8A0-90290765C19A}.Debug|x64.ActiveCfg = Debug|Any CPU
		{4B5229CE-848D-43E8-A8A0-90290765C19A}.Debug|x64.Build.0 = Debug|Any CPU
		{4B5229CE-848D-43E8-A8A0-90290765C19A}.GPU|Any CPU.ActiveCfg = Release|Any CPU
		{4B5229CE-848D-43E8-A8A0-90290765C19A}.GPU|Any CPU.Build.0 = Release|Any CPU
		{4B5229CE-848D-43E8-A8A0-90290765C19A}.GPU|x64.ActiveCfg = Release|Any CPU
		{4B5229CE-848D-43E8-A8A0-90290765C19A}.GPU|x64.Build.0 = Release|Any CPU
		{4B5229CE-848D-43E8-A8A0-90290765C19A}.Release|Any CPU.ActiveCfg = Release|Any CPU
		{4B5229CE-848D-43E8-A8A0-90290765C19A}.Release|Any CPU.Build.0 = Release|Any CPU
		{4B5229CE-848D-43E8-A8A0-90290765C19A}.Release|x64.ActiveCfg = Release|Any CPU
		{4B5229CE-848D-43E8-A8A0-90290765C19A}.Release|x64.Build.0 = Release|Any CPU
		{E39C2020-9D52-4117-AF28-8A290B43436E}.Debug|Any CPU.ActiveCfg = Debug|Any CPU
		{E39C2020-9D52-4117-AF28-8A290B43436E}.Debug|Any CPU.Build.0 = Debug|Any CPU
		{E39C2020-9D52-4117-AF28-8A290B43436E}.Debug|x64.ActiveCfg = Debug|Any CPU
		{E39C2020-9D52-4117-AF28-8A290B43436E}.Debug|x64.Build.0 = Debug|Any CPU
		{E39C2020-9D52-4117-AF28-8A290B43436E}.GPU|Any CPU.ActiveCfg = Debug|Any CPU
		{E39C2020-9D52-4117-AF28-8A290B43436E}.GPU|Any CPU.Build.0 = Debug|Any CPU
		{E39C2020-9D52-4117-AF28-8A290B43436E}.GPU|x64.ActiveCfg = Debug|Any CPU
		{E39C2020-9D52-4117-AF28-8A290B43436E}.GPU|x64.Build.0 = Debug|Any CPU
		{E39C2020-9D52-4117-AF28-8A290B43436E}.Release|Any CPU.ActiveCfg = Release|Any CPU
		{E39C2020-9D52-4117-AF28-8A290B43436E}.Release|Any CPU.Build.0 = Release|Any CPU
		{E39C2020-9D52-4117-AF28-8A290B43436E}.Release|x64.ActiveCfg = Release|Any CPU
		{E39C2020-9D52-4117-AF28-8A290B43436E}.Release|x64.Build.0 = Release|Any CPU
		{E724B9C9-4B31-4D1A-AFF5-00DBA54C471F}.Debug|Any CPU.ActiveCfg = Debug|Any CPU
		{E724B9C9-4B31-4D1A-AFF5-00DBA54C471F}.Debug|Any CPU.Build.0 = Debug|Any CPU
		{E724B9C9-4B31-4D1A-AFF5-00DBA54C471F}.Debug|x64.ActiveCfg = Debug|Any CPU
		{E724B9C9-4B31-4D1A-AFF5-00DBA54C471F}.Debug|x64.Build.0 = Debug|Any CPU
		{E724B9C9-4B31-4D1A-AFF5-00DBA54C471F}.GPU|Any CPU.ActiveCfg = Debug|Any CPU
		{E724B9C9-4B31-4D1A-AFF5-00DBA54C471F}.GPU|Any CPU.Build.0 = Debug|Any CPU
		{E724B9C9-4B31-4D1A-AFF5-00DBA54C471F}.GPU|x64.ActiveCfg = Debug|Any CPU
		{E724B9C9-4B31-4D1A-AFF5-00DBA54C471F}.GPU|x64.Build.0 = Debug|Any CPU
		{E724B9C9-4B31-4D1A-AFF5-00DBA54C471F}.Release|Any CPU.ActiveCfg = Release|Any CPU
		{E724B9C9-4B31-4D1A-AFF5-00DBA54C471F}.Release|Any CPU.Build.0 = Release|Any CPU
		{E724B9C9-4B31-4D1A-AFF5-00DBA54C471F}.Release|x64.ActiveCfg = Release|Any CPU
		{E724B9C9-4B31-4D1A-AFF5-00DBA54C471F}.Release|x64.Build.0 = Release|Any CPU
		{C0115F35-5F06-4572-9913-38D70ABEA217}.Debug|Any CPU.ActiveCfg = Debug|Any CPU
		{C0115F35-5F06-4572-9913-38D70ABEA217}.Debug|Any CPU.Build.0 = Debug|Any CPU
		{C0115F35-5F06-4572-9913-38D70ABEA217}.Debug|x64.ActiveCfg = Debug|Any CPU
		{C0115F35-5F06-4572-9913-38D70ABEA217}.Debug|x64.Build.0 = Debug|Any CPU
		{C0115F35-5F06-4572-9913-38D70ABEA217}.GPU|Any CPU.ActiveCfg = Debug|Any CPU
		{C0115F35-5F06-4572-9913-38D70ABEA217}.GPU|Any CPU.Build.0 = Debug|Any CPU
		{C0115F35-5F06-4572-9913-38D70ABEA217}.GPU|x64.ActiveCfg = Debug|Any CPU
		{C0115F35-5F06-4572-9913-38D70ABEA217}.GPU|x64.Build.0 = Debug|Any CPU
		{C0115F35-5F06-4572-9913-38D70ABEA217}.Release|Any CPU.ActiveCfg = Release|Any CPU
		{C0115F35-5F06-4572-9913-38D70ABEA217}.Release|Any CPU.Build.0 = Release|Any CPU
		{C0115F35-5F06-4572-9913-38D70ABEA217}.Release|x64.ActiveCfg = Release|Any CPU
		{C0115F35-5F06-4572-9913-38D70ABEA217}.Release|x64.Build.0 = Release|Any CPU
		{687C1EA5-8DD1-425B-9E2D-C36C5C73C15B}.Debug|Any CPU.ActiveCfg = Debug|Any CPU
		{687C1EA5-8DD1-425B-9E2D-C36C5C73C15B}.Debug|Any CPU.Build.0 = Debug|Any CPU
		{687C1EA5-8DD1-425B-9E2D-C36C5C73C15B}.Debug|x64.ActiveCfg = Debug|Any CPU
		{687C1EA5-8DD1-425B-9E2D-C36C5C73C15B}.Debug|x64.Build.0 = Debug|Any CPU
		{687C1EA5-8DD1-425B-9E2D-C36C5C73C15B}.GPU|Any CPU.ActiveCfg = Debug|Any CPU
		{687C1EA5-8DD1-425B-9E2D-C36C5C73C15B}.GPU|Any CPU.Build.0 = Debug|Any CPU
		{687C1EA5-8DD1-425B-9E2D-C36C5C73C15B}.GPU|x64.ActiveCfg = Debug|Any CPU
		{687C1EA5-8DD1-425B-9E2D-C36C5C73C15B}.GPU|x64.Build.0 = Debug|Any CPU
		{687C1EA5-8DD1-425B-9E2D-C36C5C73C15B}.Release|Any CPU.ActiveCfg = Release|Any CPU
		{687C1EA5-8DD1-425B-9E2D-C36C5C73C15B}.Release|Any CPU.Build.0 = Release|Any CPU
		{687C1EA5-8DD1-425B-9E2D-C36C5C73C15B}.Release|x64.ActiveCfg = Release|Any CPU
		{687C1EA5-8DD1-425B-9E2D-C36C5C73C15B}.Release|x64.Build.0 = Release|Any CPU
		{6802E69A-EB28-4E2C-A39C-C25C0FE021A7}.Debug|Any CPU.ActiveCfg = Debug|Any CPU
		{6802E69A-EB28-4E2C-A39C-C25C0FE021A7}.Debug|Any CPU.Build.0 = Debug|Any CPU
		{6802E69A-EB28-4E2C-A39C-C25C0FE021A7}.Debug|x64.ActiveCfg = Debug|Any CPU
		{6802E69A-EB28-4E2C-A39C-C25C0FE021A7}.Debug|x64.Build.0 = Debug|Any CPU
		{6802E69A-EB28-4E2C-A39C-C25C0FE021A7}.GPU|Any CPU.ActiveCfg = Debug|Any CPU
		{6802E69A-EB28-4E2C-A39C-C25C0FE021A7}.GPU|Any CPU.Build.0 = Debug|Any CPU
		{6802E69A-EB28-4E2C-A39C-C25C0FE021A7}.GPU|x64.ActiveCfg = Debug|Any CPU
		{6802E69A-EB28-4E2C-A39C-C25C0FE021A7}.GPU|x64.Build.0 = Debug|Any CPU
		{6802E69A-EB28-4E2C-A39C-C25C0FE021A7}.Release|Any CPU.ActiveCfg = Release|Any CPU
		{6802E69A-EB28-4E2C-A39C-C25C0FE021A7}.Release|Any CPU.Build.0 = Release|Any CPU
		{6802E69A-EB28-4E2C-A39C-C25C0FE021A7}.Release|x64.ActiveCfg = Release|Any CPU
		{6802E69A-EB28-4E2C-A39C-C25C0FE021A7}.Release|x64.Build.0 = Release|Any CPU
		{E6DC4327-8073-4198-B65B-EB22225D8D58}.Debug|Any CPU.ActiveCfg = Debug|Any CPU
		{E6DC4327-8073-4198-B65B-EB22225D8D58}.Debug|Any CPU.Build.0 = Debug|Any CPU
		{E6DC4327-8073-4198-B65B-EB22225D8D58}.Debug|x64.ActiveCfg = Debug|Any CPU
		{E6DC4327-8073-4198-B65B-EB22225D8D58}.Debug|x64.Build.0 = Debug|Any CPU
		{E6DC4327-8073-4198-B65B-EB22225D8D58}.GPU|Any CPU.ActiveCfg = Debug|Any CPU
		{E6DC4327-8073-4198-B65B-EB22225D8D58}.GPU|Any CPU.Build.0 = Debug|Any CPU
		{E6DC4327-8073-4198-B65B-EB22225D8D58}.GPU|x64.ActiveCfg = Debug|Any CPU
		{E6DC4327-8073-4198-B65B-EB22225D8D58}.GPU|x64.Build.0 = Debug|Any CPU
		{E6DC4327-8073-4198-B65B-EB22225D8D58}.Release|Any CPU.ActiveCfg = Release|Any CPU
		{E6DC4327-8073-4198-B65B-EB22225D8D58}.Release|Any CPU.Build.0 = Release|Any CPU
		{E6DC4327-8073-4198-B65B-EB22225D8D58}.Release|x64.ActiveCfg = Release|Any CPU
		{E6DC4327-8073-4198-B65B-EB22225D8D58}.Release|x64.Build.0 = Release|Any CPU
		{1A275490-09CC-475A-8CD8-898162AAA129}.Debug|Any CPU.ActiveCfg = Debug|Any CPU
		{1A275490-09CC-475A-8CD8-898162AAA129}.Debug|Any CPU.Build.0 = Debug|Any CPU
		{1A275490-09CC-475A-8CD8-898162AAA129}.Debug|x64.ActiveCfg = Debug|Any CPU
		{1A275490-09CC-475A-8CD8-898162AAA129}.Debug|x64.Build.0 = Debug|Any CPU
		{1A275490-09CC-475A-8CD8-898162AAA129}.GPU|Any CPU.ActiveCfg = Debug|Any CPU
		{1A275490-09CC-475A-8CD8-898162AAA129}.GPU|Any CPU.Build.0 = Debug|Any CPU
		{1A275490-09CC-475A-8CD8-898162AAA129}.GPU|x64.ActiveCfg = Debug|Any CPU
		{1A275490-09CC-475A-8CD8-898162AAA129}.GPU|x64.Build.0 = Debug|Any CPU
		{1A275490-09CC-475A-8CD8-898162AAA129}.Release|Any CPU.ActiveCfg = Release|Any CPU
		{1A275490-09CC-475A-8CD8-898162AAA129}.Release|Any CPU.Build.0 = Release|Any CPU
		{1A275490-09CC-475A-8CD8-898162AAA129}.Release|x64.ActiveCfg = Release|Any CPU
		{1A275490-09CC-475A-8CD8-898162AAA129}.Release|x64.Build.0 = Release|Any CPU
		{F7BFEFA0-5733-4E4D-9E7D-0A0940CDBE0F}.Debug|Any CPU.ActiveCfg = Debug|Any CPU
		{F7BFEFA0-5733-4E4D-9E7D-0A0940CDBE0F}.Debug|Any CPU.Build.0 = Debug|Any CPU
		{F7BFEFA0-5733-4E4D-9E7D-0A0940CDBE0F}.Debug|x64.ActiveCfg = Debug|Any CPU
		{F7BFEFA0-5733-4E4D-9E7D-0A0940CDBE0F}.Debug|x64.Build.0 = Debug|Any CPU
		{F7BFEFA0-5733-4E4D-9E7D-0A0940CDBE0F}.GPU|Any CPU.ActiveCfg = Debug|Any CPU
		{F7BFEFA0-5733-4E4D-9E7D-0A0940CDBE0F}.GPU|Any CPU.Build.0 = Debug|Any CPU
		{F7BFEFA0-5733-4E4D-9E7D-0A0940CDBE0F}.GPU|x64.ActiveCfg = Debug|Any CPU
		{F7BFEFA0-5733-4E4D-9E7D-0A0940CDBE0F}.GPU|x64.Build.0 = Debug|Any CPU
		{F7BFEFA0-5733-4E4D-9E7D-0A0940CDBE0F}.Release|Any CPU.ActiveCfg = Release|Any CPU
		{F7BFEFA0-5733-4E4D-9E7D-0A0940CDBE0F}.Release|Any CPU.Build.0 = Release|Any CPU
		{F7BFEFA0-5733-4E4D-9E7D-0A0940CDBE0F}.Release|x64.ActiveCfg = Release|Any CPU
		{F7BFEFA0-5733-4E4D-9E7D-0A0940CDBE0F}.Release|x64.Build.0 = Release|Any CPU
	EndGlobalSection
	GlobalSection(SolutionProperties) = preSolution
		HideSolutionNode = FALSE
	EndGlobalSection
	GlobalSection(NestedProjects) = preSolution
		{979C3193-E987-4F41-ACFA-C226EF0112C0} = {9D9C233C-DA26-4EC0-8088-CDF1B9DC8AD1}
		{56BD2DA1-3439-4760-ADE0-177F500E23C6} = {8B19660F-8FE6-4C3C-81D1-7765D98D3453}
		{68D1525F-B465-4B71-83DC-9767A2F7A366} = {8B19660F-8FE6-4C3C-81D1-7765D98D3453}
		{1295F0D8-8CBB-4C37-A863-9F9A5EA6A547} = {2CF95470-D0C1-426C-AE7A-48B53B1B87DC}
		{CCE39BB4-ADE2-4FF9-8EEC-C58636BF3324} = {8B92A485-D6FE-4128-9141-5B700D93D637}
		{9D9C233C-DA26-4EC0-8088-CDF1B9DC8AD1} = {8B92A485-D6FE-4128-9141-5B700D93D637}
		{A11A0D5B-739D-43D0-BFAA-EAF21B3B075D} = {8B92A485-D6FE-4128-9141-5B700D93D637}
		{8B19660F-8FE6-4C3C-81D1-7765D98D3453} = {8B92A485-D6FE-4128-9141-5B700D93D637}
		{365C6253-F49E-4FA9-866F-0B8C2481E91E} = {CCE39BB4-ADE2-4FF9-8EEC-C58636BF3324}
		{4B5229CE-848D-43E8-A8A0-90290765C19A} = {CCE39BB4-ADE2-4FF9-8EEC-C58636BF3324}
		{E39C2020-9D52-4117-AF28-8A290B43436E} = {A11A0D5B-739D-43D0-BFAA-EAF21B3B075D}
		{E724B9C9-4B31-4D1A-AFF5-00DBA54C471F} = {A11A0D5B-739D-43D0-BFAA-EAF21B3B075D}
		{C0115F35-5F06-4572-9913-38D70ABEA217} = {2CF95470-D0C1-426C-AE7A-48B53B1B87DC}
		{687C1EA5-8DD1-425B-9E2D-C36C5C73C15B} = {A11A0D5B-739D-43D0-BFAA-EAF21B3B075D}
		{6802E69A-EB28-4E2C-A39C-C25C0FE021A7} = {8B19660F-8FE6-4C3C-81D1-7765D98D3453}
		{E6DC4327-8073-4198-B65B-EB22225D8D58} = {A11A0D5B-739D-43D0-BFAA-EAF21B3B075D}
		{1A275490-09CC-475A-8CD8-898162AAA129} = {A11A0D5B-739D-43D0-BFAA-EAF21B3B075D}
		{F7BFEFA0-5733-4E4D-9E7D-0A0940CDBE0F} = {A11A0D5B-739D-43D0-BFAA-EAF21B3B075D}
	EndGlobalSection
	GlobalSection(ExtensibilityGlobals) = postSolution
		SolutionGuid = {61F7FB11-1E47-470C-91E2-47F8143E1572}
	EndGlobalSection
	GlobalSection(MonoDevelopProperties) = preSolution
		Policies = $0
		$0.DotNetNamingPolicy = $1
		$1.DirectoryNamespaceAssociation = PrefixedHierarchical
		$0.TextStylePolicy = $5
	EndGlobalSection
EndGlobal
