{
  "version": 1,
  "dependencies": {
    "net9.0": {
      "AutoMapper": {
        "type": "Direct",
        "requested": "[13.0.1, )",
        "resolved": "13.0.1",
        "contentHash": "/Fx1SbJ16qS7dU4i604Sle+U9VLX+WSNVJggk6MupKVkYvvBm4XqYaeFuf67diHefHKHs50uQIS2YEDFhPCakQ==",
        "dependencies": {
          "Microsoft.Extensions.Options": "6.0.0"
        }
      },
      "Blazored.LocalStorage": {
        "type": "Direct",
        "requested": "[4.5.0, )",
        "resolved": "4.5.0",
        "contentHash": "6nZuJwA7zNIKx83IsObiHXZb09ponJOpCClU3en+hI8ZFvrOKXeOw+H7TegQZQrvdR1n9fkrVkEBQZg8vx6ZTw==",
        "dependencies": {
          "Microsoft.AspNetCore.Components.Web": "8.0.0"
        }
      },
      "Microsoft.AspNetCore.Components.Authorization": {
        "type": "Direct",
        "requested": "[9.0.1, )",
        "resolved": "9.0.1",
        "contentHash": "CrfhX/TAu/8x4K0l8U0GpniJs28ApWPKH3D+Uww0hRljJdwFdTXjMz4fmoEkt3PgDeXTPS5WOT5oK4HDXqkxkQ==",
        "dependencies": {
          "Microsoft.AspNetCore.Authorization": "9.0.1",
          "Microsoft.AspNetCore.Components": "9.0.1"
        }
      },
      "Microsoft.AspNetCore.Components.WebAssembly": {
        "type": "Direct",
        "requested": "[9.0.1, )",
        "resolved": "9.0.1",
        "contentHash": "ZZwox99qtrzjQMCdpEd0ZZpotxV0Vabj5+FQkja5IHa8EP6EO/LLHx9mEthdBoi56ltXsXjTpgfEGAGPHN7z+Q==",
        "dependencies": {
          "Microsoft.AspNetCore.Components.Web": "9.0.1",
          "Microsoft.Extensions.Configuration.Binder": "9.0.1",
          "Microsoft.Extensions.Configuration.Json": "9.0.1",
          "Microsoft.Extensions.Logging": "9.0.1",
          "Microsoft.JSInterop.WebAssembly": "9.0.1"
        }
      },
      "Microsoft.AspNetCore.Components.WebAssembly.DevServer": {
        "type": "Direct",
        "requested": "[9.0.1, )",
        "resolved": "9.0.1",
        "contentHash": "3oxbwXhD/mnmHQ93ngZ2BDJHSA69YJ62QX+cgt0l1vTJDqvfYuYGs2KyYx1OvyUdzhKVEjnq1zYeb6+fRR7N3w=="
      },
      "Microsoft.Extensions.Http": {
        "type": "Direct",
        "requested": "[9.0.1, )",
        "resolved": "9.0.1",
        "contentHash": "j1UmqmTRIc0OJhv8feVFmXhPS/Z+82o/JLF3WKlydC3esolPVVJPJ0oq/MSECXFZMBKVVpxUBJnR6dJH1hTWzQ==",
        "dependencies": {
          "Microsoft.Extensions.Configuration.Abstractions": "9.0.1",
          "Microsoft.Extensions.DependencyInjection.Abstractions": "9.0.1",
          "Microsoft.Extensions.Diagnostics": "9.0.1",
          "Microsoft.Extensions.Logging": "9.0.1",
          "Microsoft.Extensions.Logging.Abstractions": "9.0.1",
          "Microsoft.Extensions.Options": "9.0.1"
        }
      },
      "Microsoft.Maui.Controls": {
        "type": "Direct",
        "requested": "[9.0.30, )",
        "resolved": "9.0.30",
        "contentHash": "S1EvHfKk060Q6gsf/E60YoZQhFZkfpV0ccYC+b8NJfc8P1iKP52KNEwNY6VxP8Y2Cw8ZfkGNRWPAjq+cb7EaPA==",
        "dependencies": {
          "Microsoft.Maui.Controls.Build.Tasks": "9.0.30",
          "Microsoft.Maui.Controls.Core": "9.0.30",
          "Microsoft.Maui.Controls.Xaml": "9.0.30",
          "Microsoft.Maui.Resizetizer": "9.0.30"
        }
      },
      "Microsoft.NET.ILLink.Tasks": {
        "type": "Direct",
        "requested": "[9.0.0, )",
        "resolved": "9.0.0",
        "contentHash": "zAwp213evC3UkimtVXRb+Dlgc/40QG145nmZDtp2LO9zJJMfrp+i/87BnXN7tRXEA4liyzdFkjqG1HE8/RPb4A=="
      },
      "Microsoft.NET.Sdk.WebAssembly.Pack": {
        "type": "Direct",
        "requested": "[9.0.0, )",
        "resolved": "9.0.0",
        "contentHash": "Ch6dilt/TAo3XryG/9LF8Zy4rAT+2HYnks8thWAeNzPNOJs4aSyC6E5yxuBiN49d2eES78h1mSR/KNyOfbptXQ=="
      },
      "MudBlazor": {
        "type": "Direct",
        "requested": "[8.0.0, )",
        "resolved": "8.0.0",
        "contentHash": "itY10dugofdvLYnJ1VZSzUIiKVqNvnTz4eEMYlHUdrOfsk9xShj7k1EW5H6ssMmkbQzShlLBHlUt+VPFGoEJGw==",
        "dependencies": {
          "Microsoft.AspNetCore.Components": "9.0.1",
          "Microsoft.AspNetCore.Components.Web": "9.0.1",
          "Microsoft.Extensions.Localization": "9.0.1"
        }
      },
      "System.Net.Http.Json": {
        "type": "Direct",
        "requested": "[9.0.1, )",
        "resolved": "9.0.1",
        "contentHash": "MhCJ2P2txSz4MMXi7TTutycFdbzPDU/A+pwUNpF6zvbDyZtFtvXJN4EEOuIq8b6sZfarakACnXqr0dTYGjUqzQ=="
      },
      "FluentValidation": {
        "type": "Transitive",
        "resolved": "11.11.0",
        "contentHash": "cyIVdQBwSipxWG8MA3Rqox7iNbUNUTK5bfJi9tIdm4CAfH71Oo5ABLP4/QyrUwuakqpUEPGtE43BDddvEehuYw=="
      },
      "Microsoft.AspNetCore.Authorization": {
        "type": "Transitive",
        "resolved": "9.0.1",
        "contentHash": "WgLlLBlMczb2+QLNG6sM95OUZ0EBztz60k/N75tjIgpyu0SdpIfYytAmX/7JJAjRTZF0c/CrWaQV+SH9FuGsrA==",
        "dependencies": {
          "Microsoft.AspNetCore.Metadata": "9.0.1",
          "Microsoft.Extensions.Logging.Abstractions": "9.0.1",
          "Microsoft.Extensions.Options": "9.0.1"
        }
      },
      "Microsoft.AspNetCore.Components": {
        "type": "Transitive",
        "resolved": "9.0.1",
        "contentHash": "6pwfbQKNtvPkbF4tCGiAKGyt6BVpu58xAXz7u2YXcUKTNmNxrymbG1mEyMc0EPzVdnquDDqTyfXM3mC1EJycxQ==",
        "dependencies": {
          "Microsoft.AspNetCore.Authorization": "9.0.1",
          "Microsoft.AspNetCore.Components.Analyzers": "9.0.1"
        }
      },
      "Microsoft.AspNetCore.Components.Analyzers": {
        "type": "Transitive",
        "resolved": "9.0.1",
        "contentHash": "I8Rs4LXT5UQxM5Nin2+Oj8aSY2heszSZ3EyTLgt3mxmfiRPrVO7D8NNSsf1voI2Gb0qFJceof/J5c9E+nfNuHw=="
      },
      "Microsoft.AspNetCore.Components.Forms": {
        "type": "Transitive",
        "resolved": "9.0.1",
        "contentHash": "KyULVU32bLz74LWDwPEwNUEllTehzWJuM7YAsz80rMKEzvR0K8cRjRzO0fnN/nfydMeLRRlbI0xj8wnEAymLVw==",
        "dependencies": {
          "Microsoft.AspNetCore.Components": "9.0.1"
        }
      },
      "Microsoft.AspNetCore.Components.Web": {
        "type": "Transitive",
        "resolved": "9.0.1",
        "contentHash": "LI0vjYEd9MaDZPDQxPCn4gGYDkEC5U9rp1nWZo7rPozJxgTG2zU3WERujxTi2LeAC2ZzdXlOVCrUyPQ55LZV2A==",
        "dependencies": {
          "Microsoft.AspNetCore.Components": "9.0.1",
          "Microsoft.AspNetCore.Components.Forms": "9.0.1",
          "Microsoft.Extensions.DependencyInjection": "9.0.1",
          "Microsoft.Extensions.Primitives": "9.0.1",
          "Microsoft.JSInterop": "9.0.1"
        }
      },
      "Microsoft.AspNetCore.Components.WebAssembly.Authentication": {
        "type": "Transitive",
        "resolved": "9.0.1",
        "contentHash": "Wvm5AVv1vp6/Wos9dxzlb4kYNpOnYxotoxT7owTStNyLZ+TU1KQtReezyvz5vP70w9PfJCRCYUJulxXJygfjTQ==",
        "dependencies": {
          "Microsoft.AspNetCore.Components.Authorization": "9.0.1",
          "Microsoft.AspNetCore.Components.Web": "9.0.1"
        }
      },
      "Microsoft.AspNetCore.Cryptography.Internal": {
        "type": "Transitive",
        "resolved": "9.0.1",
        "contentHash": "leaw8hC6wCKfAg2kAYT4plnaHI7o6bKB9IQy0yLWHmgV0GjE449pu0SEnnl7loEzdLgyQrKyVQvfz7wRErqmxQ=="
      },
      "Microsoft.AspNetCore.Cryptography.KeyDerivation": {
        "type": "Transitive",
        "resolved": "9.0.1",
        "contentHash": "/ibWvFYnxjCfOmtQtLTFUN9L70CrQH0daom6tE8/hlxTllUDeXM95fE45dC4u2tBOrfDqB6TPAkUzd/vWaAusA==",
        "dependencies": {
          "Microsoft.AspNetCore.Cryptography.Internal": "9.0.1"
        }
      },
      "Microsoft.AspNetCore.Identity.EntityFrameworkCore": {
        "type": "Transitive",
        "resolved": "9.0.1",
        "contentHash": "yZyj/m7nBsrx6JDIv5KSYH44lJsQ4K5RLEWaYRFQVoIRvGXQxMZ/TUCa7PKFtR/o6nz1fmy6bVciV/eN/NmjUw==",
        "dependencies": {
          "Microsoft.EntityFrameworkCore.Relational": "9.0.1",
          "Microsoft.Extensions.Identity.Stores": "9.0.1"
        }
      },
      "Microsoft.AspNetCore.Metadata": {
        "type": "Transitive",
        "resolved": "9.0.1",
        "contentHash": "EZnHifamF7IFEIyjAKMtJM3I/94OIe72i3P09v5oL0twmsmfQwal6Ni3m8lbB5mge3jWFhMozeW+rUdRSqnXRQ=="
      },
      "Microsoft.EntityFrameworkCore": {
        "type": "Transitive",
        "resolved": "9.0.1",
        "contentHash": "E25w4XugXNykTr5Y/sLDGaQ4lf67n9aXVPvsdGsIZjtuLmbvb9AoYP8D50CDejY8Ro4D9GK2kNHz5lWHqSK+wg==",
        "dependencies": {
          "Microsoft.EntityFrameworkCore.Abstractions": "9.0.1",
          "Microsoft.EntityFrameworkCore.Analyzers": "9.0.1",
          "Microsoft.Extensions.Caching.Memory": "9.0.1",
          "Microsoft.Extensions.Logging": "9.0.1"
        }
      },
      "Microsoft.EntityFrameworkCore.Abstractions": {
        "type": "Transitive",
        "resolved": "9.0.1",
        "contentHash": "qy+taGVLUs82zeWfc32hgGL8Z02ZqAneYvqZiiXbxF4g4PBUcPRuxHM9K20USmpeJbn4/fz40GkCbyyCy5ojOA=="
      },
      "Microsoft.EntityFrameworkCore.Analyzers": {
        "type": "Transitive",
        "resolved": "9.0.1",
        "contentHash": "c6ZZJZhPKrXFkE2z/81PmuT69HBL6Y68Cl0xJ5SRrDjJyq5Aabkq15yCqPg9RQ3R0aFLVaJok2DA8R3TKpejDQ=="
      },
      "Microsoft.EntityFrameworkCore.Relational": {
        "type": "Transitive",
        "resolved": "9.0.1",
        "contentHash": "7Iu0h4oevRvH4IwPzmxuIJGYRt55TapoREGlluk75KCO7lenN0+QnzCl6cQDY48uDoxAUpJbpK2xW7o8Ix69dw==",
        "dependencies": {
          "Microsoft.EntityFrameworkCore": "9.0.1",
          "Microsoft.Extensions.Caching.Memory": "9.0.1",
          "Microsoft.Extensions.Configuration.Abstractions": "9.0.1",
          "Microsoft.Extensions.Logging": "9.0.1"
        }
      },
      "Microsoft.Extensions.Caching.Abstractions": {
        "type": "Transitive",
        "resolved": "9.0.1",
        "contentHash": "Eghsg9SyIvq0c8x6cUpe71BbQoOmsytXxqw2+ZNiTnP8a8SBLKgEor1zZeWhC0588IbS2M0PP4gXGAd9qF862Q==",
        "dependencies": {
          "Microsoft.Extensions.Primitives": "9.0.1"
        }
      },
      "Microsoft.Extensions.Caching.Memory": {
        "type": "Transitive",
        "resolved": "9.0.1",
        "contentHash": "JeC+PP0BCKMwwLezPGDaciJSTfcFG4KjsG8rX4XZ6RSvzdxofrFmcnmW2L4+cWUcZSBTQ+Dd7H5Gs9XZz/OlCA==",
        "dependencies": {
          "Microsoft.Extensions.Caching.Abstractions": "9.0.1",
          "Microsoft.Extensions.DependencyInjection.Abstractions": "9.0.1",
          "Microsoft.Extensions.Logging.Abstractions": "9.0.1",
          "Microsoft.Extensions.Options": "9.0.1",
          "Microsoft.Extensions.Primitives": "9.0.1"
        }
      },
      "Microsoft.Extensions.Configuration": {
        "type": "Transitive",
        "resolved": "9.0.1",
        "contentHash": "VuthqFS+ju6vT8W4wevdhEFiRi1trvQtkzWLonApfF5USVzzDcTBoY3F24WvN/tffLSrycArVfX1bThm/9xY2A==",
        "dependencies": {
          "Microsoft.Extensions.Configuration.Abstractions": "9.0.1",
          "Microsoft.Extensions.Primitives": "9.0.1"
        }
      },
      "Microsoft.Extensions.Configuration.Abstractions": {
        "type": "Transitive",
        "resolved": "9.0.1",
        "contentHash": "+4hfFIY1UjBCXFTTOd+ojlDPq6mep3h5Vq5SYE3Pjucr7dNXmq4S/6P/LoVnZFz2e/5gWp/om4svUFgznfULcA==",
        "dependencies": {
          "Microsoft.Extensions.Primitives": "9.0.1"
        }
      },
      "Microsoft.Extensions.Configuration.Binder": {
        "type": "Transitive",
        "resolved": "9.0.1",
        "contentHash": "w7kAyu1Mm7eParRV6WvGNNwA8flPTub16fwH49h7b/yqJZFTgYxnOVCuiah3G2bgseJMEq4DLjjsyQRvsdzRgA==",
        "dependencies": {
          "Microsoft.Extensions.Configuration.Abstractions": "9.0.1"
        }
      },
      "Microsoft.Extensions.Configuration.FileExtensions": {
        "type": "Transitive",
        "resolved": "9.0.1",
        "contentHash": "QBOI8YVAyKqeshYOyxSe6co22oag431vxMu5xQe1EjXMkYE4xK4J71xLCW3/bWKmr9Aoy1VqGUARSLFnotk4Bg==",
        "dependencies": {
          "Microsoft.Extensions.Configuration": "9.0.1",
          "Microsoft.Extensions.Configuration.Abstractions": "9.0.1",
          "Microsoft.Extensions.FileProviders.Abstractions": "9.0.1",
          "Microsoft.Extensions.FileProviders.Physical": "9.0.1",
          "Microsoft.Extensions.Primitives": "9.0.1"
        }
      },
      "Microsoft.Extensions.Configuration.Json": {
        "type": "Transitive",
        "resolved": "9.0.1",
        "contentHash": "z+g+lgPET1JRDjsOkFe51rkkNcnJgvOK5UIpeTfF1iAi0GkBJz5/yUuTa8a9V8HUh4gj4xFT5WGoMoXoSDKfGg==",
        "dependencies": {
          "Microsoft.Extensions.Configuration": "9.0.1",
          "Microsoft.Extensions.Configuration.Abstractions": "9.0.1",
          "Microsoft.Extensions.Configuration.FileExtensions": "9.0.1",
          "Microsoft.Extensions.FileProviders.Abstractions": "9.0.1"
        }
      },
      "Microsoft.Extensions.DependencyInjection": {
        "type": "Transitive",
        "resolved": "9.0.1",
        "contentHash": "qZI42ASAe3hr2zMSA6UjM92pO1LeDq5DcwkgSowXXPY8I56M76pEKrnmsKKbxagAf39AJxkH2DY4sb72ixyOrg==",
        "dependencies": {
          "Microsoft.Extensions.DependencyInjection.Abstractions": "9.0.1"
        }
      },
      "Microsoft.Extensions.DependencyInjection.Abstractions": {
        "type": "Transitive",
        "resolved": "9.0.1",
        "contentHash": "Tr74eP0oQ3AyC24ch17N8PuEkrPbD0JqIfENCYqmgKYNOmL8wQKzLJu3ObxTUDrjnn4rHoR1qKa37/eQyHmCDA=="
      },
      "Microsoft.Extensions.Diagnostics": {
        "type": "Transitive",
        "resolved": "9.0.1",
        "contentHash": "4ZmP6turxMFsNwK/MCko2fuIITaYYN/eXyyIRq1FjLDKnptdbn6xMb7u0zfSMzCGpzkx4RxH/g1jKN2IchG7uA==",
        "dependencies": {
          "Microsoft.Extensions.Configuration": "9.0.1",
          "Microsoft.Extensions.Diagnostics.Abstractions": "9.0.1",
          "Microsoft.Extensions.Options.ConfigurationExtensions": "9.0.1"
        }
      },
      "Microsoft.Extensions.Diagnostics.Abstractions": {
        "type": "Transitive",
        "resolved": "9.0.1",
        "contentHash": "pfAPuVtHvG6dvZtAa0OQbXdDqq6epnr8z0/IIUjdmV0tMeI8Aj9KxDXvdDvqr+qNHTkmA7pZpChNxwNZt4GXVg==",
        "dependencies": {
          "Microsoft.Extensions.DependencyInjection.Abstractions": "9.0.1",
          "Microsoft.Extensions.Options": "9.0.1"
        }
      },
      "Microsoft.Extensions.FileProviders.Abstractions": {
        "type": "Transitive",
        "resolved": "9.0.1",
        "contentHash": "DguZYt1DWL05+8QKWL3b6bW7A2pC5kYFMY5iXM6W2M23jhvcNa8v6AU8PvVJBcysxHwr9/jax0agnwoBumsSwg==",
        "dependencies": {
          "Microsoft.Extensions.Primitives": "9.0.1"
        }
      },
      "Microsoft.Extensions.FileProviders.Physical": {
        "type": "Transitive",
        "resolved": "9.0.1",
        "contentHash": "TKDMNRS66UTMEVT38/tU9hA63UTMvzI3DyNm5mx8+JCf3BaOtxgrvWLCI1y3J52PzT5yNl/T2KN5Z0KbApLZcg==",
        "dependencies": {
          "Microsoft.Extensions.FileProviders.Abstractions": "9.0.1",
          "Microsoft.Extensions.FileSystemGlobbing": "9.0.1",
          "Microsoft.Extensions.Primitives": "9.0.1"
        }
      },
      "Microsoft.Extensions.FileSystemGlobbing": {
        "type": "Transitive",
        "resolved": "9.0.1",
        "contentHash": "Mxcp9NXuQMvAnudRZcgIb5SqlWrlullQzntBLTwuv0MPIJ5LqiGwbRqiyxgdk+vtCoUkplb0oXy5kAw1t469Ug=="
      },
      "Microsoft.Extensions.Identity.Core": {
        "type": "Transitive",
        "resolved": "9.0.1",
        "contentHash": "dbvAQhwSyBbgB2BuVJ8PMVx7BK6WZHWhV/vsSnXl6sRLs9D7yXiIiRpgcPVvN5E/UkzRGW1EPXyc3t1EDxWSzg==",
        "dependencies": {
          "Microsoft.AspNetCore.Cryptography.KeyDerivation": "9.0.1",
          "Microsoft.Extensions.Logging": "9.0.1",
          "Microsoft.Extensions.Options": "9.0.1"
        }
      },
      "Microsoft.Extensions.Identity.Stores": {
        "type": "Transitive",
        "resolved": "9.0.1",
        "contentHash": "lBErjDqd7i2RGpDr040lGm/HbMvxG/1Ta1aSFh91vYtSwEY2rtMI9o7xIDWgNmBKu8ko+XBxt0WcQh6TNFVe7g==",
        "dependencies": {
          "Microsoft.Extensions.Caching.Abstractions": "9.0.1",
          "Microsoft.Extensions.Identity.Core": "9.0.1",
          "Microsoft.Extensions.Logging": "9.0.1"
        }
      },
      "Microsoft.Extensions.Localization": {
        "type": "Transitive",
        "resolved": "9.0.1",
        "contentHash": "UgvX4Yb2T3tEsKT30ktZr0H7kTRPapCgEH0bdTwxiEGSdA39/hAQMvvb+vgHpqmevDU5+puyI9ujRkmmbF946w==",
        "dependencies": {
          "Microsoft.Extensions.DependencyInjection.Abstractions": "9.0.1",
          "Microsoft.Extensions.Localization.Abstractions": "9.0.1",
          "Microsoft.Extensions.Logging.Abstractions": "9.0.1",
          "Microsoft.Extensions.Options": "9.0.1"
        }
      },
      "Microsoft.Extensions.Localization.Abstractions": {
        "type": "Transitive",
        "resolved": "9.0.1",
        "contentHash": "CABog43lyaZQMjmlktuImCy6zmAzRBaXqN81uPaMQjlp//ISDVYItZPh6KWpWRF4MY/B67X5oDc3JTUpfdocZw=="
      },
      "Microsoft.Extensions.Logging": {
        "type": "Transitive",
        "resolved": "9.0.1",
        "contentHash": "E/k5r7S44DOW+08xQPnNbO8DKAQHhkspDboTThNJ6Z3/QBb4LC6gStNWzVmy3IvW7sUD+iJKf4fj0xEkqE7vnQ==",
        "dependencies": {
          "Microsoft.Extensions.DependencyInjection": "9.0.1",
          "Microsoft.Extensions.Logging.Abstractions": "9.0.1",
          "Microsoft.Extensions.Options": "9.0.1"
        }
      },
      "Microsoft.Extensions.Logging.Abstractions": {
        "type": "Transitive",
        "resolved": "9.0.1",
        "contentHash": "w2gUqXN/jNIuvqYwX3lbXagsizVNXYyt6LlF57+tMve4JYCEgCMMAjRce6uKcDASJgpMbErRT1PfHy2OhbkqEA==",
        "dependencies": {
          "Microsoft.Extensions.DependencyInjection.Abstractions": "9.0.1"
        }
      },
      "Microsoft.Extensions.Options": {
        "type": "Transitive",
        "resolved": "9.0.1",
        "contentHash": "nggoNKnWcsBIAaOWHA+53XZWrslC7aGeok+aR+epDPRy7HI7GwMnGZE8yEsL2Onw7kMOHVHwKcsDls1INkNUJQ==",
        "dependencies": {
          "Microsoft.Extensions.DependencyInjection.Abstractions": "9.0.1",
          "Microsoft.Extensions.Primitives": "9.0.1"
        }
      },
      "Microsoft.Extensions.Options.ConfigurationExtensions": {
        "type": "Transitive",
        "resolved": "9.0.1",
        "contentHash": "8RRKWtuU4fR+8MQLR/8CqZwZ9yc2xCpllw/WPRY7kskIqEq0hMcEI4AfUJO72yGiK2QJkrsDcUvgB5Yc+3+lyg==",
        "dependencies": {
          "Microsoft.Extensions.Configuration.Abstractions": "9.0.1",
          "Microsoft.Extensions.Configuration.Binder": "9.0.1",
          "Microsoft.Extensions.DependencyInjection.Abstractions": "9.0.1",
          "Microsoft.Extensions.Options": "9.0.1",
          "Microsoft.Extensions.Primitives": "9.0.1"
        }
      },
      "Microsoft.Extensions.Primitives": {
        "type": "Transitive",
        "resolved": "9.0.1",
        "contentHash": "bHtTesA4lrSGD1ZUaMIx6frU3wyy0vYtTa/hM6gGQu5QNrydObv8T5COiGUWsisflAfmsaFOe9Xvw5NSO99z0g=="
      },
      "Microsoft.IdentityModel.Abstractions": {
        "type": "Transitive",
        "resolved": "8.3.1",
        "contentHash": "oXYKRcTS0DTIB5vZenGy9oceD8awhjnXFFabc/IWBwluMA03SGvazCFyUIQ2mJOIOSf9lLyM971nbTj9qZgEJg=="
      },
      "Microsoft.IdentityModel.JsonWebTokens": {
        "type": "Transitive",
        "resolved": "8.3.1",
        "contentHash": "cA622rrXYdaO7inNZ8KY5leZpP6889wT+gHPgvy62PYlAITyxF9PxP5u+ecNBOsPx2PagBH7ZNr39yU/MOPn+w==",
        "dependencies": {
          "Microsoft.IdentityModel.Tokens": "8.3.1"
        }
      },
      "Microsoft.IdentityModel.Logging": {
        "type": "Transitive",
        "resolved": "8.3.1",
        "contentHash": "XCwbK7ErgZdrwl4ph+i8X5SCGwAepBFbsNIEceozGzrBFVvZbKKJE1WQOft9QyglP4me+DECdVVL8UnI6OO+sg==",
        "dependencies": {
          "Microsoft.IdentityModel.Abstractions": "8.3.1"
        }
      },
      "Microsoft.IdentityModel.Tokens": {
        "type": "Transitive",
        "resolved": "8.3.1",
        "contentHash": "77GXREJzIDiKAc/RR8YE267bwzrxM4cjMRCzMQa0Xk1MUUdjx/JwjDJpUh00vT4oxcX5rjsMP0KLd8YjgR3N3w==",
        "dependencies": {
          "Microsoft.Extensions.Logging.Abstractions": "9.0.0",
          "Microsoft.IdentityModel.Logging": "8.3.1"
        }
      },
      "Microsoft.JSInterop": {
        "type": "Transitive",
        "resolved": "9.0.1",
        "contentHash": "/xBwIfb0YoC2Muv6EsHjxpqZw2aKv94+i0g0FWZvqvGv3DeAy+8wipAuECVvKYEs2EIclRD41bjajHLoD6mTtw=="
      },
      "Microsoft.JSInterop.WebAssembly": {
        "type": "Transitive",
        "resolved": "9.0.1",
        "contentHash": "4YMLT96BmWT/BUJ2Btqb34DU8ikpLO3SWHQbe13cIXYmvhgBZGX89T9L/dxCfl7ODBnvyuBpa/E0DgcPHwjdHw==",
        "dependencies": {
          "Microsoft.JSInterop": "9.0.1"
        }
      },
      "Microsoft.Maui.Controls.Build.Tasks": {
        "type": "Transitive",
        "resolved": "9.0.30",
        "contentHash": "hpb9mB3FLMK0UK6euFvkq8X0TEJ0YDWBV2kot5ryrvCBSNyonHVEQVMo0m7Uzzz2fAdqdZzRNV9WNgB6X/Jb4Q==",
        "dependencies": {
          "Microsoft.Maui.Controls.Core": "9.0.30",
          "Microsoft.Maui.Controls.Xaml": "9.0.30"
        }
      },
      "Microsoft.Maui.Controls.Core": {
        "type": "Transitive",
        "resolved": "9.0.30",
        "contentHash": "P2Z45cciD/2yqia/3tm9QCclVhCISdBQfHz4zvpTQslEPZOuxzw06stvfrKYSgGlnJMBDzNMQ70FC/hybkB4kg==",
        "dependencies": {
          "Microsoft.Extensions.Configuration": "9.0.0",
          "Microsoft.Extensions.DependencyInjection": "9.0.0",
          "Microsoft.Extensions.Logging": "9.0.0",
          "Microsoft.Extensions.Logging.Abstractions": "9.0.0",
          "Microsoft.Maui.Core": "9.0.30"
        }
      },
      "Microsoft.Maui.Controls.Xaml": {
        "type": "Transitive",
        "resolved": "9.0.30",
        "contentHash": "mQHeyk+Dj7L2vmDXPeMjwLD7dUeqCelxLTPV5pOg+v3pVgQFwYZPoOMPVflS6Qtu+o1BlOZ5XNQjtEEUJ4yShg==",
        "dependencies": {
          "Microsoft.Extensions.Configuration": "9.0.0",
          "Microsoft.Maui.Controls.Core": "9.0.30",
          "Microsoft.Maui.Core": "9.0.30"
        }
      },
      "Microsoft.Maui.Core": {
        "type": "Transitive",
        "resolved": "9.0.30",
        "contentHash": "fAt+rtONvnar9IPfj3qmF4UgWAaoB3UkvF1QIlRc9/dwYxSVRyRzx4SfnjwQ0kM160z03IDOK45D3pgDiRRNcw==",
        "dependencies": {
          "Microsoft.Extensions.Configuration": "9.0.0",
          "Microsoft.Extensions.DependencyInjection": "9.0.0",
          "Microsoft.Extensions.Logging": "9.0.0",
          "Microsoft.Extensions.Logging.Abstractions": "9.0.0",
          "Microsoft.Maui.Essentials": "9.0.30",
          "Microsoft.Maui.Graphics": "9.0.30"
        }
      },
      "Microsoft.Maui.Essentials": {
        "type": "Transitive",
        "resolved": "9.0.30",
        "contentHash": "0jIHgPw+VeQpipYoz0WpTGc6EoAD/i80CgAq9GewOHfWSF3pD2w9MwyAkyNf2Fx8gef37WNJCv/wtRcr96nd2w==",
        "dependencies": {
          "Microsoft.Maui.Graphics": "9.0.30"
        }
      },
      "Microsoft.Maui.Graphics": {
        "type": "Transitive",
        "resolved": "9.0.30",
        "contentHash": "YnlWLhi0SFuWY1GxUGZs96uHPJdaGK86udh2A/wysTYernzF7bmKNJnPvG17QDgdMuqELGC7fxAkqRuHEciY/A=="
      },
      "Microsoft.Maui.Resizetizer": {
        "type": "Transitive",
        "resolved": "9.0.30",
        "contentHash": "rJtkoRYWmkBPVxpvrWYvACYfrCqW98ilio6M5wUqu8X7AzcxVp1R17b5XLgFUyJKkmolyqibO06C6wOV3kOOig=="
      },
      "System.IdentityModel.Tokens.Jwt": {
        "type": "Transitive",
        "resolved": "8.3.1",
        "contentHash": "SxdCv+SmnKOhUvryKvrpWJnkuVHj3hU8pUwj7R8zthi73TlBUlMyavon9qfuJsjnqY+L7jusp3Zo0fWFX6mwtw==",
        "dependencies": {
          "Microsoft.IdentityModel.JsonWebTokens": "8.3.1",
          "Microsoft.IdentityModel.Tokens": "8.3.1"
        }
      },
      "maerp.domain": {
        "type": "Project",
        "dependencies": {
          "Microsoft.AspNetCore.Identity.EntityFrameworkCore": "[9.0.1, )"
        }
      },
      "maerp.sharedui": {
        "type": "Project",
        "dependencies": {
          "AutoMapper": "[13.0.1, )",
          "Blazored.LocalStorage": "[4.5.0, )",
          "FluentValidation": "[11.11.0, )",
          "Microsoft.AspNetCore.Components.WebAssembly.Authentication": "[9.0.1, )",
          "Microsoft.Extensions.Configuration": "[9.0.1, )",
          "Microsoft.Extensions.DependencyInjection": "[9.0.1, )",
          "Microsoft.Extensions.Http": "[9.0.1, )",
          "MudBlazor": "[8.0.0, )",
          "System.IdentityModel.Tokens.Jwt": "[8.3.1, )",
          "maERP.Domain": "[1.0.0, )"
        }
      }
    },
    "net9.0/browser-wasm": {}
  }
}